// !$*UTF8*$!
{
	archiveVersion = 1;
	classes = {
	};
	objectVersion = 46;
	objects = {

/* Begin PBXBuildFile section */
		CD7CD1B61DDC8F4D007F0628 /* AppDelegate.swift in Sources */ = {isa = PBXBuildFile; fileRef = CD7CD1B51DDC8F4D007F0628 /* AppDelegate.swift */; };
		CD7CD1B81DDC8F4D007F0628 /* ViewController.swift in Sources */ = {isa = PBXBuildFile; fileRef = CD7CD1B71DDC8F4D007F0628 /* ViewController.swift */; };
		CD7CD1BB1DDC8F4D007F0628 /* Main.storyboard in Resources */ = {isa = PBXBuildFile; fileRef = CD7CD1B91DDC8F4D007F0628 /* Main.storyboard */; };
		CD7CD1BD1DDC8F4D007F0628 /* Assets.xcassets in Resources */ = {isa = PBXBuildFile; fileRef = CD7CD1BC1DDC8F4D007F0628 /* Assets.xcassets */; };
		CD7CD1C01DDC8F4D007F0628 /* LaunchScreen.storyboard in Resources */ = {isa = PBXBuildFile; fileRef = CD7CD1BE1DDC8F4D007F0628 /* LaunchScreen.storyboard */; };
		CD7CD1CB1DDC8F4D007F0628 /* zhnbilibiliTests.swift in Sources */ = {isa = PBXBuildFile; fileRef = CD7CD1CA1DDC8F4D007F0628 /* zhnbilibiliTests.swift */; };
		CD7CD1D61DDC8F4D007F0628 /* zhnbilibiliUITests.swift in Sources */ = {isa = PBXBuildFile; fileRef = CD7CD1D51DDC8F4D007F0628 /* zhnbilibiliUITests.swift */; };
/* End PBXBuildFile section */

/* Begin PBXContainerItemProxy section */
		CD7CD1C71DDC8F4D007F0628 /* PBXContainerItemProxy */ = {
			isa = PBXContainerItemProxy;
			containerPortal = CD7CD1AA1DDC8F4D007F0628 /* Project object */;
			proxyType = 1;
			remoteGlobalIDString = CD7CD1B11DDC8F4D007F0628;
			remoteInfo = zhnbilibili;
		};
		CD7CD1D21DDC8F4D007F0628 /* PBXContainerItemProxy */ = {
			isa = PBXContainerItemProxy;
			containerPortal = CD7CD1AA1DDC8F4D007F0628 /* Project object */;
			proxyType = 1;
			remoteGlobalIDString = CD7CD1B11DDC8F4D007F0628;
			remoteInfo = zhnbilibili;
		};
/* End PBXContainerItemProxy section */

/* Begin PBXFileReference section */
		CD7CD1B21DDC8F4D007F0628 /* zhnbilibili.app */ = {isa = PBXFileReference; explicitFileType = wrapper.application; includeInIndex = 0; path = zhnbilibili.app; sourceTree = BUILT_PRODUCTS_DIR; };
		CD7CD1B51DDC8F4D007F0628 /* AppDelegate.swift */ = {isa = PBXFileReference; lastKnownFileType = sourcecode.swift; path = AppDelegate.swift; sourceTree = "<group>"; };
		CD7CD1B71DDC8F4D007F0628 /* ViewController.swift */ = {isa = PBXFileReference; lastKnownFileType = sourcecode.swift; path = ViewController.swift; sourceTree = "<group>"; };
		CD7CD1BA1DDC8F4D007F0628 /* Base */ = {isa = PBXFileReference; lastKnownFileType = file.storyboard; name = Base; path = Base.lproj/Main.storyboard; sourceTree = "<group>"; };
		CD7CD1BC1DDC8F4D007F0628 /* Assets.xcassets */ = {isa = PBXFileReference; lastKnownFileType = folder.assetcatalog; path = Assets.xcassets; sourceTree = "<group>"; };
		CD7CD1BF1DDC8F4D007F0628 /* Base */ = {isa = PBXFileReference; lastKnownFileType = file.storyboard; name = Base; path = Base.lproj/LaunchScreen.storyboard; sourceTree = "<group>"; };
		CD7CD1C11DDC8F4D007F0628 /* Info.plist */ = {isa = PBXFileReference; lastKnownFileType = text.plist.xml; path = Info.plist; sourceTree = "<group>"; };
		CD7CD1C61DDC8F4D007F0628 /* zhnbilibiliTests.xctest */ = {isa = PBXFileReference; explicitFileType = wrapper.cfbundle; includeInIndex = 0; path = zhnbilibiliTests.xctest; sourceTree = BUILT_PRODUCTS_DIR; };
		CD7CD1CA1DDC8F4D007F0628 /* zhnbilibiliTests.swift */ = {isa = PBXFileReference; lastKnownFileType = sourcecode.swift; path = zhnbilibiliTests.swift; sourceTree = "<group>"; };
		CD7CD1CC1DDC8F4D007F0628 /* Info.plist */ = {isa = PBXFileReference; lastKnownFileType = text.plist.xml; path = Info.plist; sourceTree = "<group>"; };
		CD7CD1D11DDC8F4D007F0628 /* zhnbilibiliUITests.xctest */ = {isa = PBXFileReference; explicitFileType = wrapper.cfbundle; includeInIndex = 0; path = zhnbilibiliUITests.xctest; sourceTree = BUILT_PRODUCTS_DIR; };
		CD7CD1D51DDC8F4D007F0628 /* zhnbilibiliUITests.swift */ = {isa = PBXFileReference; lastKnownFileType = sourcecode.swift; path = zhnbilibiliUITests.swift; sourceTree = "<group>"; };
		CD7CD1D71DDC8F4D007F0628 /* Info.plist */ = {isa = PBXFileReference; lastKnownFileType = text.plist.xml; path = Info.plist; sourceTree = "<group>"; };
/* End PBXFileReference section */

/* Begin PBXFrameworksBuildPhase section */
		CD7CD1AF1DDC8F4D007F0628 /* Frameworks */ = {
			isa = PBXFrameworksBuildPhase;
			buildActionMask = 2147483647;
			files = (
			);
			runOnlyForDeploymentPostprocessing = 0;
		};
		CD7CD1C31DDC8F4D007F0628 /* Frameworks */ = {
			isa = PBXFrameworksBuildPhase;
			buildActionMask = 2147483647;
			files = (
			);
			runOnlyForDeploymentPostprocessing = 0;
		};
		CD7CD1CE1DDC8F4D007F0628 /* Frameworks */ = {
			isa = PBXFrameworksBuildPhase;
			buildActionMask = 2147483647;
			files = (
			);
			runOnlyForDeploymentPostprocessing = 0;
		};
/* End PBXFrameworksBuildPhase section */

/* Begin PBXGroup section */
		CD7CD1A91DDC8F4D007F0628 = {
			isa = PBXGroup;
			children = (
				CD7CD1B41DDC8F4D007F0628 /* zhnbilibili */,
				CD7CD1C91DDC8F4D007F0628 /* zhnbilibiliTests */,
				CD7CD1D41DDC8F4D007F0628 /* zhnbilibiliUITests */,
				CD7CD1B31DDC8F4D007F0628 /* Products */,
			);
			sourceTree = "<group>";
		};
		CD7CD1B31DDC8F4D007F0628 /* Products */ = {
			isa = PBXGroup;
			children = (
				CD7CD1B21DDC8F4D007F0628 /* zhnbilibili.app */,
				CD7CD1C61DDC8F4D007F0628 /* zhnbilibiliTests.xctest */,
				CD7CD1D11DDC8F4D007F0628 /* zhnbilibiliUITests.xctest */,
			);
			name = Products;
			sourceTree = "<group>";
		};
		CD7CD1B41DDC8F4D007F0628 /* zhnbilibili */ = {
			isa = PBXGroup;
			children = (
				CD7CD1B51DDC8F4D007F0628 /* AppDelegate.swift */,
				CD7CD1B71DDC8F4D007F0628 /* ViewController.swift */,
				CD7CD1B91DDC8F4D007F0628 /* Main.storyboard */,
				CD7CD1BC1DDC8F4D007F0628 /* Assets.xcassets */,
				CD7CD1BE1DDC8F4D007F0628 /* LaunchScreen.storyboard */,
				CD7CD1C11DDC8F4D007F0628 /* Info.plist */,
			);
			path = zhnbilibili;
			sourceTree = "<group>";
		};
		CD7CD1C91DDC8F4D007F0628 /* zhnbilibiliTests */ = {
			isa = PBXGroup;
			children = (
				CD7CD1CA1DDC8F4D007F0628 /* zhnbilibiliTests.swift */,
				CD7CD1CC1DDC8F4D007F0628 /* Info.plist */,
			);
			path = zhnbilibiliTests;
			sourceTree = "<group>";
		};
		CD7CD1D41DDC8F4D007F0628 /* zhnbilibiliUITests */ = {
			isa = PBXGroup;
			children = (
				CD7CD1D51DDC8F4D007F0628 /* zhnbilibiliUITests.swift */,
				CD7CD1D71DDC8F4D007F0628 /* Info.plist */,
			);
			path = zhnbilibiliUITests;
			sourceTree = "<group>";
		};
/* End PBXGroup section */

/* Begin PBXNativeTarget section */
		CD7CD1B11DDC8F4D007F0628 /* zhnbilibili */ = {
			isa = PBXNativeTarget;
			buildConfigurationList = CD7CD1DA1DDC8F4D007F0628 /* Build configuration list for PBXNativeTarget "zhnbilibili" */;
			buildPhases = (
				CD7CD1AE1DDC8F4D007F0628 /* Sources */,
				CD7CD1AF1DDC8F4D007F0628 /* Frameworks */,
				CD7CD1B01DDC8F4D007F0628 /* Resources */,
			);
			buildRules = (
			);
			dependencies = (
			);
			name = zhnbilibili;
			productName = zhnbilibili;
			productReference = CD7CD1B21DDC8F4D007F0628 /* zhnbilibili.app */;
			productType = "com.apple.product-type.application";
		};
		CD7CD1C51DDC8F4D007F0628 /* zhnbilibiliTests */ = {
			isa = PBXNativeTarget;
			buildConfigurationList = CD7CD1DD1DDC8F4D007F0628 /* Build configuration list for PBXNativeTarget "zhnbilibiliTests" */;
			buildPhases = (
				CD7CD1C21DDC8F4D007F0628 /* Sources */,
				CD7CD1C31DDC8F4D007F0628 /* Frameworks */,
				CD7CD1C41DDC8F4D007F0628 /* Resources */,
			);
			buildRules = (
			);
			dependencies = (
				CD7CD1C81DDC8F4D007F0628 /* PBXTargetDependency */,
			);
			name = zhnbilibiliTests;
			productName = zhnbilibiliTests;
			productReference = CD7CD1C61DDC8F4D007F0628 /* zhnbilibiliTests.xctest */;
			productType = "com.apple.product-type.bundle.unit-test";
		};
		CD7CD1D01DDC8F4D007F0628 /* zhnbilibiliUITests */ = {
			isa = PBXNativeTarget;
			buildConfigurationList = CD7CD1E01DDC8F4D007F0628 /* Build configuration list for PBXNativeTarget "zhnbilibiliUITests" */;
			buildPhases = (
				CD7CD1CD1DDC8F4D007F0628 /* Sources */,
				CD7CD1CE1DDC8F4D007F0628 /* Frameworks */,
				CD7CD1CF1DDC8F4D007F0628 /* Resources */,
			);
			buildRules = (
			);
			dependencies = (
				CD7CD1D31DDC8F4D007F0628 /* PBXTargetDependency */,
			);
			name = zhnbilibiliUITests;
			productName = zhnbilibiliUITests;
			productReference = CD7CD1D11DDC8F4D007F0628 /* zhnbilibiliUITests.xctest */;
			productType = "com.apple.product-type.bundle.ui-testing";
		};
/* End PBXNativeTarget section */

/* Begin PBXProject section */
		CD7CD1AA1DDC8F4D007F0628 /* Project object */ = {
			isa = PBXProject;
			attributes = {
				LastSwiftUpdateCheck = 0800;
				LastUpgradeCheck = 0800;
				ORGANIZATIONNAME = zhn;
				TargetAttributes = {
					CD7CD1B11DDC8F4D007F0628 = {
						CreatedOnToolsVersion = 8.0;
						ProvisioningStyle = Automatic;
					};
					CD7CD1C51DDC8F4D007F0628 = {
						CreatedOnToolsVersion = 8.0;
						ProvisioningStyle = Automatic;
						TestTargetID = CD7CD1B11DDC8F4D007F0628;
					};
					CD7CD1D01DDC8F4D007F0628 = {
						CreatedOnToolsVersion = 8.0;
						ProvisioningStyle = Automatic;
						TestTargetID = CD7CD1B11DDC8F4D007F0628;
					};
				};
			};
			buildConfigurationList = CD7CD1AD1DDC8F4D007F0628 /* Build configuration list for PBXProject "zhnbilibili" */;
			compatibilityVersion = "Xcode 3.2";
			developmentRegion = English;
			hasScannedForEncodings = 0;
			knownRegions = (
				en,
				Base,
			);
			mainGroup = CD7CD1A91DDC8F4D007F0628;
			productRefGroup = CD7CD1B31DDC8F4D007F0628 /* Products */;
			projectDirPath = "";
			projectRoot = "";
			targets = (
				CD7CD1B11DDC8F4D007F0628 /* zhnbilibili */,
				CD7CD1C51DDC8F4D007F0628 /* zhnbilibiliTests */,
				CD7CD1D01DDC8F4D007F0628 /* zhnbilibiliUITests */,
			);
		};
/* End PBXProject section */

/* Begin PBXResourcesBuildPhase section */
		CD7CD1B01DDC8F4D007F0628 /* Resources */ = {
			isa = PBXResourcesBuildPhase;
			buildActionMask = 2147483647;
			files = (
				CD7CD1C01DDC8F4D007F0628 /* LaunchScreen.storyboard in Resources */,
				CD7CD1BD1DDC8F4D007F0628 /* Assets.xcassets in Resources */,
				CD7CD1BB1DDC8F4D007F0628 /* Main.storyboard in Resources */,
			);
			runOnlyForDeploymentPostprocessing = 0;
		};
		CD7CD1C41DDC8F4D007F0628 /* Resources */ = {
			isa = PBXResourcesBuildPhase;
			buildActionMask = 2147483647;
			files = (
			);
			runOnlyForDeploymentPostprocessing = 0;
		};
		CD7CD1CF1DDC8F4D007F0628 /* Resources */ = {
			isa = PBXResourcesBuildPhase;
			buildActionMask = 2147483647;
			files = (
			);
			runOnlyForDeploymentPostprocessing = 0;
		};
/* End PBXResourcesBuildPhase section */

/* Begin PBXSourcesBuildPhase section */
		CD7CD1AE1DDC8F4D007F0628 /* Sources */ = {
			isa = PBXSourcesBuildPhase;
			buildActionMask = 2147483647;
			files = (
				CD7CD1B81DDC8F4D007F0628 /* ViewController.swift in Sources */,
				CD7CD1B61DDC8F4D007F0628 /* AppDelegate.swift in Sources */,
			);
			runOnlyForDeploymentPostprocessing = 0;
		};
		CD7CD1C21DDC8F4D007F0628 /* Sources */ = {
			isa = PBXSourcesBuildPhase;
			buildActionMask = 2147483647;
			files = (
				CD7CD1CB1DDC8F4D007F0628 /* zhnbilibiliTests.swift in Sources */,
			);
			runOnlyForDeploymentPostprocessing = 0;
		};
		CD7CD1CD1DDC8F4D007F0628 /* Sources */ = {
			isa = PBXSourcesBuildPhase;
			buildActionMask = 2147483647;
			files = (
				CD7CD1D61DDC8F4D007F0628 /* zhnbilibiliUITests.swift in Sources */,
			);
			runOnlyForDeploymentPostprocessing = 0;
		};
/* End PBXSourcesBuildPhase section */

/* Begin PBXTargetDependency section */
		CD7CD1C81DDC8F4D007F0628 /* PBXTargetDependency */ = {
			isa = PBXTargetDependency;
			target = CD7CD1B11DDC8F4D007F0628 /* zhnbilibili */;
			targetProxy = CD7CD1C71DDC8F4D007F0628 /* PBXContainerItemProxy */;
		};
		CD7CD1D31DDC8F4D007F0628 /* PBXTargetDependency */ = {
			isa = PBXTargetDependency;
			target = CD7CD1B11DDC8F4D007F0628 /* zhnbilibili */;
			targetProxy = CD7CD1D21DDC8F4D007F0628 /* PBXContainerItemProxy */;
		};
/* End PBXTargetDependency section */

/* Begin PBXVariantGroup section */
		CD7CD1B91DDC8F4D007F0628 /* Main.storyboard */ = {
			isa = PBXVariantGroup;
			children = (
				CD7CD1BA1DDC8F4D007F0628 /* Base */,
			);
			name = Main.storyboard;
			sourceTree = "<group>";
		};
		CD7CD1BE1DDC8F4D007F0628 /* LaunchScreen.storyboard */ = {
			isa = PBXVariantGroup;
			children = (
				CD7CD1BF1DDC8F4D007F0628 /* Base */,
			);
			name = LaunchScreen.storyboard;
			sourceTree = "<group>";
		};
/* End PBXVariantGroup section */

/* Begin XCBuildConfiguration section */
		CD7CD1D81DDC8F4D007F0628 /* Debug */ = {
			isa = XCBuildConfiguration;
			buildSettings = {
				ALWAYS_SEARCH_USER_PATHS = NO;
				CLANG_ANALYZER_NONNULL = YES;
				CLANG_CXX_LANGUAGE_STANDARD = "gnu++0x";
				CLANG_CXX_LIBRARY = "libc++";
				CLANG_ENABLE_MODULES = YES;
				CLANG_ENABLE_OBJC_ARC = YES;
				CLANG_WARN_BOOL_CONVERSION = YES;
				CLANG_WARN_CONSTANT_CONVERSION = YES;
				CLANG_WARN_DIRECT_OBJC_ISA_USAGE = YES_ERROR;
				CLANG_WARN_DOCUMENTATION_COMMENTS = YES;
				CLANG_WARN_EMPTY_BODY = YES;
				CLANG_WARN_ENUM_CONVERSION = YES;
				CLANG_WARN_INFINITE_RECURSION = YES;
				CLANG_WARN_INT_CONVERSION = YES;
				CLANG_WARN_OBJC_ROOT_CLASS = YES_ERROR;
				CLANG_WARN_SUSPICIOUS_MOVES = YES;
				CLANG_WARN_UNREACHABLE_CODE = YES;
				CLANG_WARN__DUPLICATE_METHOD_MATCH = YES;
				"CODE_SIGN_IDENTITY[sdk=iphoneos*]" = "iPhone Developer";
				COPY_PHASE_STRIP = NO;
				DEBUG_INFORMATION_FORMAT = dwarf;
				ENABLE_STRICT_OBJC_MSGSEND = YES;
				ENABLE_TESTABILITY = YES;
				GCC_C_LANGUAGE_STANDARD = gnu99;
				GCC_DYNAMIC_NO_PIC = NO;
				GCC_NO_COMMON_BLOCKS = YES;
				GCC_OPTIMIZATION_LEVEL = 0;
				GCC_PREPROCESSOR_DEFINITIONS = (
					"DEBUG=1",
					"$(inherited)",
				);
				GCC_WARN_64_TO_32_BIT_CONVERSION = YES;
				GCC_WARN_ABOUT_RETURN_TYPE = YES_ERROR;
				GCC_WARN_UNDECLARED_SELECTOR = YES;
				GCC_WARN_UNINITIALIZED_AUTOS = YES_AGGRESSIVE;
				GCC_WARN_UNUSED_FUNCTION = YES;
				GCC_WARN_UNUSED_VARIABLE = YES;
				IPHONEOS_DEPLOYMENT_TARGET = 10.0;
				MTL_ENABLE_DEBUG_INFO = YES;
				ONLY_ACTIVE_ARCH = YES;
				SDKROOT = iphoneos;
				SWIFT_ACTIVE_COMPILATION_CONDITIONS = DEBUG;
				SWIFT_OPTIMIZATION_LEVEL = "-Onone";
			};
			name = Debug;
		};
		CD7CD1D91DDC8F4D007F0628 /* Release */ = {
			isa = XCBuildConfiguration;
			buildSettings = {
				ALWAYS_SEARCH_USER_PATHS = NO;
				CLANG_ANALYZER_NONNULL = YES;
				CLANG_CXX_LANGUAGE_STANDARD = "gnu++0x";
				CLANG_CXX_LIBRARY = "libc++";
				CLANG_ENABLE_MODULES = YES;
				CLANG_ENABLE_OBJC_ARC = YES;
				CLANG_WARN_BOOL_CONVERSION = YES;
				CLANG_WARN_CONSTANT_CONVERSION = YES;
				CLANG_WARN_DIRECT_OBJC_ISA_USAGE = YES_ERROR;
				CLANG_WARN_DOCUMENTATION_COMMENTS = YES;
				CLANG_WARN_EMPTY_BODY = YES;
				CLANG_WARN_ENUM_CONVERSION = YES;
				CLANG_WARN_INFINITE_RECURSION = YES;
				CLANG_WARN_INT_CONVERSION = YES;
				CLANG_WARN_OBJC_ROOT_CLASS = YES_ERROR;
				CLANG_WARN_SUSPICIOUS_MOVES = YES;
				CLANG_WARN_UNREACHABLE_CODE = YES;
				CLANG_WARN__DUPLICATE_METHOD_MATCH = YES;
				"CODE_SIGN_IDENTITY[sdk=iphoneos*]" = "iPhone Developer";
				COPY_PHASE_STRIP = NO;
				DEBUG_INFORMATION_FORMAT = "dwarf-with-dsym";
				ENABLE_NS_ASSERTIONS = NO;
				ENABLE_STRICT_OBJC_MSGSEND = YES;
				GCC_C_LANGUAGE_STANDARD = gnu99;
				GCC_NO_COMMON_BLOCKS = YES;
				GCC_WARN_64_TO_32_BIT_CONVERSION = YES;
				GCC_WARN_ABOUT_RETURN_TYPE = YES_ERROR;
				GCC_WARN_UNDECLARED_SELECTOR = YES;
				GCC_WARN_UNINITIALIZED_AUTOS = YES_AGGRESSIVE;
				GCC_WARN_UNUSED_FUNCTION = YES;
				GCC_WARN_UNUSED_VARIABLE = YES;
				IPHONEOS_DEPLOYMENT_TARGET = 10.0;
				MTL_ENABLE_DEBUG_INFO = NO;
				SDKROOT = iphoneos;
				SWIFT_OPTIMIZATION_LEVEL = "-Owholemodule";
				VALIDATE_PRODUCT = YES;
			};
			name = Release;
		};
		CD7CD1DB1DDC8F4D007F0628 /* Debug */ = {
			isa = XCBuildConfiguration;
			buildSettings = {
				ASSETCATALOG_COMPILER_APPICON_NAME = AppIcon;
				INFOPLIST_FILE = zhnbilibili/Info.plist;
				LD_RUNPATH_SEARCH_PATHS = "$(inherited) @executable_path/Frameworks";
				PRODUCT_BUNDLE_IDENTIFIER = zhn.zhnbilibili;
				PRODUCT_NAME = "$(TARGET_NAME)";
				SWIFT_VERSION = 3.0;
			};
			name = Debug;
		};
		CD7CD1DC1DDC8F4D007F0628 /* Release */ = {
			isa = XCBuildConfiguration;
			buildSettings = {
				ASSETCATALOG_COMPILER_APPICON_NAME = AppIcon;
				INFOPLIST_FILE = zhnbilibili/Info.plist;
				LD_RUNPATH_SEARCH_PATHS = "$(inherited) @executable_path/Frameworks";
				PRODUCT_BUNDLE_IDENTIFIER = zhn.zhnbilibili;
				PRODUCT_NAME = "$(TARGET_NAME)";
				SWIFT_VERSION = 3.0;
			};
			name = Release;
		};
		CD7CD1DE1DDC8F4D007F0628 /* Debug */ = {
			isa = XCBuildConfiguration;
			buildSettings = {
				ALWAYS_EMBED_SWIFT_STANDARD_LIBRARIES = YES;
				BUNDLE_LOADER = "$(TEST_HOST)";
				INFOPLIST_FILE = zhnbilibiliTests/Info.plist;
				LD_RUNPATH_SEARCH_PATHS = "$(inherited) @executable_path/Frameworks @loader_path/Frameworks";
				PRODUCT_BUNDLE_IDENTIFIER = zhn.zhnbilibiliTests;
				PRODUCT_NAME = "$(TARGET_NAME)";
				SWIFT_VERSION = 3.0;
				TEST_HOST = "$(BUILT_PRODUCTS_DIR)/zhnbilibili.app/zhnbilibili";
			};
			name = Debug;
		};
		CD7CD1DF1DDC8F4D007F0628 /* Release */ = {
			isa = XCBuildConfiguration;
			buildSettings = {
				ALWAYS_EMBED_SWIFT_STANDARD_LIBRARIES = YES;
				BUNDLE_LOADER = "$(TEST_HOST)";
				INFOPLIST_FILE = zhnbilibiliTests/Info.plist;
				LD_RUNPATH_SEARCH_PATHS = "$(inherited) @executable_path/Frameworks @loader_path/Frameworks";
				PRODUCT_BUNDLE_IDENTIFIER = zhn.zhnbilibiliTests;
				PRODUCT_NAME = "$(TARGET_NAME)";
				SWIFT_VERSION = 3.0;
				TEST_HOST = "$(BUILT_PRODUCTS_DIR)/zhnbilibili.app/zhnbilibili";
			};
			name = Release;
		};
		CD7CD1E11DDC8F4D007F0628 /* Debug */ = {
			isa = XCBuildConfiguration;
			buildSettings = {
				ALWAYS_EMBED_SWIFT_STANDARD_LIBRARIES = YES;
				INFOPLIST_FILE = zhnbilibiliUITests/Info.plist;
				LD_RUNPATH_SEARCH_PATHS = "$(inherited) @executable_path/Frameworks @loader_path/Frameworks";
				PRODUCT_BUNDLE_IDENTIFIER = zhn.zhnbilibiliUITests;
				PRODUCT_NAME = "$(TARGET_NAME)";
				SWIFT_VERSION = 3.0;
				TEST_TARGET_NAME = zhnbilibili;
			};
			name = Debug;
		};
		CD7CD1E21DDC8F4D007F0628 /* Release */ = {
			isa = XCBuildConfiguration;
			buildSettings = {
				ALWAYS_EMBED_SWIFT_STANDARD_LIBRARIES = YES;
				INFOPLIST_FILE = zhnbilibiliUITests/Info.plist;
				LD_RUNPATH_SEARCH_PATHS = "$(inherited) @executable_path/Frameworks @loader_path/Frameworks";
				PRODUCT_BUNDLE_IDENTIFIER = zhn.zhnbilibiliUITests;
				PRODUCT_NAME = "$(TARGET_NAME)";
				SWIFT_VERSION = 3.0;
				TEST_TARGET_NAME = zhnbilibili;
			};
			name = Release;
		};
/* End XCBuildConfiguration section */

/* Begin XCConfigurationList section */
		CD7CD1AD1DDC8F4D007F0628 /* Build configuration list for PBXProject "zhnbilibili" */ = {
			isa = XCConfigurationList;
			buildConfigurations = (
				CD7CD1D81DDC8F4D007F0628 /* Debug */,
				CD7CD1D91DDC8F4D007F0628 /* Release */,
			);
			defaultConfigurationIsVisible = 0;
			defaultConfigurationName = Release;
		};
		CD7CD1DA1DDC8F4D007F0628 /* Build configuration list for PBXNativeTarget "zhnbilibili" */ = {
			isa = XCConfigurationList;
			buildConfigurations = (
				CD7CD1DB1DDC8F4D007F0628 /* Debug */,
				CD7CD1DC1DDC8F4D007F0628 /* Release */,
			);
			defaultConfigurationIsVisible = 0;
		};
		CD7CD1DD1DDC8F4D007F0628 /* Build configuration list for PBXNativeTarget "zhnbilibiliTests" */ = {
			isa = XCConfigurationList;
			buildConfigurations = (
				CD7CD1DE1DDC8F4D007F0628 /* Debug */,
				CD7CD1DF1DDC8F4D007F0628 /* Release */,
			);
			defaultConfigurationIsVisible = 0;
		};
		CD7CD1E01DDC8F4D007F0628 /* Build configuration list for PBXNativeTarget "zhnbilibiliUITests" */ = {
			isa = XCConfigurationList;
			buildConfigurations = (
				CD7CD1E11DDC8F4D007F0628 /* Debug */,
				CD7CD1E21DDC8F4D007F0628 /* Release */,
			);
			defaultConfigurationIsVisible = 0;
		};
/* End XCConfigurationList section */
	};
	rootObject = CD7CD1AA1DDC8F4D007F0628 /* Project object */;
}
