// !$*UTF8*$!
{
	archiveVersion = 1;
	classes = {
	};
	objectVersion = 46;
	objects = {

/* Begin PBXBuildFile section */
		074CB47A77798510140F59E4 /* Pods_zhnbilibili.framework in Frameworks */ = {isa = PBXBuildFile; fileRef = 976CABDC14F2569D776ECECE /* Pods_zhnbilibili.framework */; };
		CD0AE44F1DE2BA8600FCE7E0 /* MainTabbarViewController.swift in Sources */ = {isa = PBXBuildFile; fileRef = CD0AE44E1DE2BA8600FCE7E0 /* MainTabbarViewController.swift */; };
		CD0AE4561DE2CE7D00FCE7E0 /* HomeViewController.swift in Sources */ = {isa = PBXBuildFile; fileRef = CD0AE4551DE2CE7D00FCE7E0 /* HomeViewController.swift */; };
		CD0AE45A1DE2DB1200FCE7E0 /* MainCustomNaViController.swift in Sources */ = {isa = PBXBuildFile; fileRef = CD0AE4591DE2DB1200FCE7E0 /* MainCustomNaViController.swift */; };
		CD0AE4611DE2E3D300FCE7E0 /* HomeRecommendViewController.swift in Sources */ = {isa = PBXBuildFile; fileRef = CD0AE4601DE2E3D300FCE7E0 /* HomeRecommendViewController.swift */; };
		CD0AE4631DE2ED2400FCE7E0 /* recommendModel.swift in Sources */ = {isa = PBXBuildFile; fileRef = CD0AE4621DE2ED2400FCE7E0 /* recommendModel.swift */; };
		CD0AE4671DE2F3CE00FCE7E0 /* recommendViewModel.swift in Sources */ = {isa = PBXBuildFile; fileRef = CD0AE4661DE2F3CE00FCE7E0 /* recommendViewModel.swift */; };
		CD0AE46B1DE3305B00FCE7E0 /* Array+toJsonString.swift in Sources */ = {isa = PBXBuildFile; fileRef = CD0AE46A1DE3305B00FCE7E0 /* Array+toJsonString.swift */; };
		CD0AE46D1DE3317B00FCE7E0 /* ZHNjsonHelper.swift in Sources */ = {isa = PBXBuildFile; fileRef = CD0AE46C1DE3317B00FCE7E0 /* ZHNjsonHelper.swift */; };
		CD0B0E321DF2F6C3003A160E /* HomeBangumiMenuView.swift in Sources */ = {isa = PBXBuildFile; fileRef = CD0B0E311DF2F6C3003A160E /* HomeBangumiMenuView.swift */; };
		CD0B0E341DF2F6CF003A160E /* HomeBangumiMenuView.xib in Resources */ = {isa = PBXBuildFile; fileRef = CD0B0E331DF2F6CF003A160E /* HomeBangumiMenuView.xib */; };
		CD0B0E381DF2FEAB003A160E /* UIView+cornerradiusAdd.swift in Sources */ = {isa = PBXBuildFile; fileRef = CD0B0E371DF2FEAB003A160E /* UIView+cornerradiusAdd.swift */; };
		CD0B0E3A1DF3007F003A160E /* HomeBangumiTopView.swift in Sources */ = {isa = PBXBuildFile; fileRef = CD0B0E391DF3007F003A160E /* HomeBangumiTopView.swift */; };
		CD0B0E3C1DF3E8F1003A160E /* HomeBangumiNormalHead.swift in Sources */ = {isa = PBXBuildFile; fileRef = CD0B0E3B1DF3E8F1003A160E /* HomeBangumiNormalHead.swift */; };
		CD0B0E3E1DF44E30003A160E /* HomeBangumiTopFoot.swift in Sources */ = {isa = PBXBuildFile; fileRef = CD0B0E3D1DF44E30003A160E /* HomeBangumiTopFoot.swift */; };
		CD0B0E421DF4556A003A160E /* Int+seasonAdd.swift in Sources */ = {isa = PBXBuildFile; fileRef = CD0B0E411DF4556A003A160E /* Int+seasonAdd.swift */; };
		CD0DC74F1DEF037200843890 /* HomeBangumiModel.swift in Sources */ = {isa = PBXBuildFile; fileRef = CD0DC74E1DEF037200843890 /* HomeBangumiModel.swift */; };
		CD0DC7511DEF083E00843890 /* HomeBangumiViewModel.swift in Sources */ = {isa = PBXBuildFile; fileRef = CD0DC7501DEF083E00843890 /* HomeBangumiViewModel.swift */; };
		CD3124761DE989F40083D7AE /* JPFPSStatus.m in Sources */ = {isa = PBXBuildFile; fileRef = CD3124751DE989F40083D7AE /* JPFPSStatus.m */; };
		CD3FF9C61DDDEDAF00A204F4 /* ZHNnetworkTool.swift in Sources */ = {isa = PBXBuildFile; fileRef = CD3FF9C51DDDEDAF00A204F4 /* ZHNnetworkTool.swift */; };
		CD3FF9C81DDE084400A204F4 /* SwiftNotice.swift in Sources */ = {isa = PBXBuildFile; fileRef = CD3FF9C71DDE084400A204F4 /* SwiftNotice.swift */; };
		CD3FF9CD1DDEA04D00A204F4 /* String+zhnAdd.swift in Sources */ = {isa = PBXBuildFile; fileRef = CD3FF9CC1DDEA04D00A204F4 /* String+zhnAdd.swift */; };
		CD55491A1DE6DE8C007D4C7F /* recommendActivityCell.swift in Sources */ = {isa = PBXBuildFile; fileRef = CD5549191DE6DE8C007D4C7F /* recommendActivityCell.swift */; };
		CD6192A51DF50951006D6E55 /* HomeBangumiRecommendCell.swift in Sources */ = {isa = PBXBuildFile; fileRef = CD6192A41DF50951006D6E55 /* HomeBangumiRecommendCell.swift */; };
		CD6A3ECC1DEB07D0002742A5 /* commenAreaCell.swift in Sources */ = {isa = PBXBuildFile; fileRef = CD6A3ECB1DEB07D0002742A5 /* commenAreaCell.swift */; };
		CD6A3ECE1DEBCDDB002742A5 /* Int+coutdealAdd.swift in Sources */ = {isa = PBXBuildFile; fileRef = CD6A3ECD1DEBCDDB002742A5 /* Int+coutdealAdd.swift */; };
		CD6A3ED01DEBCF7F002742A5 /* liveShowCell.swift in Sources */ = {isa = PBXBuildFile; fileRef = CD6A3ECF1DEBCF7F002742A5 /* liveShowCell.swift */; };
		CD6A3ED21DEBFF10002742A5 /* banmikuShowCell.swift in Sources */ = {isa = PBXBuildFile; fileRef = CD6A3ED11DEBFF10002742A5 /* banmikuShowCell.swift */; };
		CD6A3ED41DEC0F49002742A5 /* Date+timeBucket.swift in Sources */ = {isa = PBXBuildFile; fileRef = CD6A3ED31DEC0F49002742A5 /* Date+timeBucket.swift */; };
		CD6A3EE31DEC5ED8002742A5 /* homeLiveModel.swift in Sources */ = {isa = PBXBuildFile; fileRef = CD6A3EE21DEC5ED8002742A5 /* homeLiveModel.swift */; };
		CD6A3EE51DEC65CC002742A5 /* HomeLiveViewModel.swift in Sources */ = {isa = PBXBuildFile; fileRef = CD6A3EE41DEC65CC002742A5 /* HomeLiveViewModel.swift */; };
		CD6A3EE91DEC667F002742A5 /* HomeLiveShowViewController.swift in Sources */ = {isa = PBXBuildFile; fileRef = CD6A3EE81DEC667F002742A5 /* HomeLiveShowViewController.swift */; };
		CD7157051DEDA90E008B628A /* homeLivehead.swift in Sources */ = {isa = PBXBuildFile; fileRef = CD7157041DEDA90E008B628A /* homeLivehead.swift */; };
		CD7157071DEE7126008B628A /* HomeLiveHeadMenu.swift in Sources */ = {isa = PBXBuildFile; fileRef = CD7157061DEE7126008B628A /* HomeLiveHeadMenu.swift */; };
		CD7157091DEE712F008B628A /* HomeLiveHeadMenu.xib in Resources */ = {isa = PBXBuildFile; fileRef = CD7157081DEE712F008B628A /* HomeLiveHeadMenu.xib */; };
		CD71570B1DEE9405008B628A /* HomeLiveFoot.swift in Sources */ = {isa = PBXBuildFile; fileRef = CD71570A1DEE9405008B628A /* HomeLiveFoot.swift */; };
		CD7CD1B61DDC8F4D007F0628 /* AppDelegate.swift in Sources */ = {isa = PBXBuildFile; fileRef = CD7CD1B51DDC8F4D007F0628 /* AppDelegate.swift */; };
		CD7CD1BB1DDC8F4D007F0628 /* Main.storyboard in Resources */ = {isa = PBXBuildFile; fileRef = CD7CD1B91DDC8F4D007F0628 /* Main.storyboard */; };
		CD7CD1BD1DDC8F4D007F0628 /* Assets.xcassets in Resources */ = {isa = PBXBuildFile; fileRef = CD7CD1BC1DDC8F4D007F0628 /* Assets.xcassets */; };
		CD7CD1C01DDC8F4D007F0628 /* LaunchScreen.storyboard in Resources */ = {isa = PBXBuildFile; fileRef = CD7CD1BE1DDC8F4D007F0628 /* LaunchScreen.storyboard */; };
		CD7CD1CB1DDC8F4D007F0628 /* zhnbilibiliTests.swift in Sources */ = {isa = PBXBuildFile; fileRef = CD7CD1CA1DDC8F4D007F0628 /* zhnbilibiliTests.swift */; };
		CD7CD1D61DDC8F4D007F0628 /* zhnbilibiliUITests.swift in Sources */ = {isa = PBXBuildFile; fileRef = CD7CD1D51DDC8F4D007F0628 /* zhnbilibiliUITests.swift */; };
		CD7CD1E41DDC8F7C007F0628 /* ZHNrabbitFreshBaseViewController.swift in Sources */ = {isa = PBXBuildFile; fileRef = CD7CD1E31DDC8F7C007F0628 /* ZHNrabbitFreshBaseViewController.swift */; };
		CD7CD1EA1DDC902F007F0628 /* UIColor+zhnAdd.swift in Sources */ = {isa = PBXBuildFile; fileRef = CD7CD1E71DDC902F007F0628 /* UIColor+zhnAdd.swift */; };
		CD7CD1EB1DDC902F007F0628 /* UIimageView+gifAdd.swift in Sources */ = {isa = PBXBuildFile; fileRef = CD7CD1E81DDC902F007F0628 /* UIimageView+gifAdd.swift */; };
		CD7CD1EC1DDC902F007F0628 /* UIView+frameAdd.swift in Sources */ = {isa = PBXBuildFile; fileRef = CD7CD1E91DDC902F007F0628 /* UIView+frameAdd.swift */; };
		CD7CD1F81DDD65E8007F0628 /* ZHNLog.swift in Sources */ = {isa = PBXBuildFile; fileRef = CD7CD1F71DDD65E8007F0628 /* ZHNLog.swift */; };
		CD7CD1FC1DDDA2A1007F0628 /* slideMenu.swift in Sources */ = {isa = PBXBuildFile; fileRef = CD7CD1FB1DDDA2A1007F0628 /* slideMenu.swift */; };
		CD7CD1FE1DDDAB75007F0628 /* UIGestureRecognizer+zhnAdd.swift in Sources */ = {isa = PBXBuildFile; fileRef = CD7CD1FD1DDDAB75007F0628 /* UIGestureRecognizer+zhnAdd.swift */; };
		CD991BCE1DE408FD007BB093 /* normalBaseCell.swift in Sources */ = {isa = PBXBuildFile; fileRef = CD991BCD1DE408FD007BB093 /* normalBaseCell.swift */; };
		CDC31B601DE3EFDE00EADC2A /* collectionNormalHeader.swift in Sources */ = {isa = PBXBuildFile; fileRef = CDC31B5F1DE3EFDE00EADC2A /* collectionNormalHeader.swift */; };
		CDC704AD1DF552F400230AC9 /* ZHNbilibiliWebViewController.swift in Sources */ = {isa = PBXBuildFile; fileRef = CDC704AC1DF552F400230AC9 /* ZHNbilibiliWebViewController.swift */; };
		CDC704AF1DF5573500230AC9 /* customNaviBar.swift in Sources */ = {isa = PBXBuildFile; fileRef = CDC704AE1DF5573500230AC9 /* customNaviBar.swift */; };
		CDC704B31DF5B6EF00230AC9 /* AudioToolbox.framework in Frameworks */ = {isa = PBXBuildFile; fileRef = CDC704B21DF5B6EE00230AC9 /* AudioToolbox.framework */; };
		CDC704B51DF5B6F700230AC9 /* AVFoundation.framework in Frameworks */ = {isa = PBXBuildFile; fileRef = CDC704B41DF5B6F700230AC9 /* AVFoundation.framework */; };
		CDC704B71DF5B70600230AC9 /* CoreMedia.framework in Frameworks */ = {isa = PBXBuildFile; fileRef = CDC704B61DF5B70600230AC9 /* CoreMedia.framework */; };
		CDC704B91DF5B71400230AC9 /* CoreVideo.framework in Frameworks */ = {isa = PBXBuildFile; fileRef = CDC704B81DF5B71400230AC9 /* CoreVideo.framework */; };
		CDC704BB1DF5B72400230AC9 /* libbz2.tbd in Frameworks */ = {isa = PBXBuildFile; fileRef = CDC704BA1DF5B72400230AC9 /* libbz2.tbd */; };
		CDC704BD1DF5B72D00230AC9 /* libz.tbd in Frameworks */ = {isa = PBXBuildFile; fileRef = CDC704BC1DF5B72D00230AC9 /* libz.tbd */; };
		CDC704BF1DF5B73600230AC9 /* MediaPlayer.framework in Frameworks */ = {isa = PBXBuildFile; fileRef = CDC704BE1DF5B73600230AC9 /* MediaPlayer.framework */; };
		CDC704C11DF5B74100230AC9 /* MobileCoreServices.framework in Frameworks */ = {isa = PBXBuildFile; fileRef = CDC704C01DF5B74100230AC9 /* MobileCoreServices.framework */; };
		CDC704C31DF5B74B00230AC9 /* OpenGLES.framework in Frameworks */ = {isa = PBXBuildFile; fileRef = CDC704C21DF5B74B00230AC9 /* OpenGLES.framework */; };
		CDC704C51DF5B75400230AC9 /* VideoToolbox.framework in Frameworks */ = {isa = PBXBuildFile; fileRef = CDC704C41DF5B75400230AC9 /* VideoToolbox.framework */; };
		CDCD9FBA1DF056E4007D7188 /* HomeBangumiNormalCell.swift in Sources */ = {isa = PBXBuildFile; fileRef = CDCD9FB91DF056E4007D7188 /* HomeBangumiNormalCell.swift */; };
		CDCD9FBC1DF05843007D7188 /* configs.swift in Sources */ = {isa = PBXBuildFile; fileRef = CDCD9FBB1DF05843007D7188 /* configs.swift */; };
		CDD95A101DE4754900E7FBF8 /* HJCornerRadius.m in Sources */ = {isa = PBXBuildFile; fileRef = CDD95A0E1DE4754900E7FBF8 /* HJCornerRadius.m */; };
		CDD95A161DE537B600E7FBF8 /* ZHNCarouselView.swift in Sources */ = {isa = PBXBuildFile; fileRef = CDD95A151DE537B600E7FBF8 /* ZHNCarouselView.swift */; };
		CDD95A191DE553D300E7FBF8 /* SwiftTimer.swift in Sources */ = {isa = PBXBuildFile; fileRef = CDD95A181DE553D300E7FBF8 /* SwiftTimer.swift */; };
		CDD95A1B1DE5676600E7FBF8 /* DisPatchQueue+afrer.swift in Sources */ = {isa = PBXBuildFile; fileRef = CDD95A1A1DE5676600E7FBF8 /* DisPatchQueue+afrer.swift */; };
		CDD95A1D1DE577D100E7FBF8 /* recommondhead.swift in Sources */ = {isa = PBXBuildFile; fileRef = CDD95A1C1DE577D100E7FBF8 /* recommondhead.swift */; };
		CDD95A1F1DE5BFD400E7FBF8 /* recommendFoot.swift in Sources */ = {isa = PBXBuildFile; fileRef = CDD95A1E1DE5BFD400E7FBF8 /* recommendFoot.swift */; };
		CDE587F61DE817A6005F4DFC /* recommendSectionReloadModel.swift in Sources */ = {isa = PBXBuildFile; fileRef = CDE587F51DE817A6005F4DFC /* recommendSectionReloadModel.swift */; };
		CDE587F81DE81A09005F4DFC /* recommendURLhelper.swift in Sources */ = {isa = PBXBuildFile; fileRef = CDE587F71DE81A09005F4DFC /* recommendURLhelper.swift */; };
		CDF6D43A1DEEA3DA000ACF38 /* HomeLiveReloadURLhelper.swift in Sources */ = {isa = PBXBuildFile; fileRef = CDF6D4391DEEA3DA000ACF38 /* HomeLiveReloadURLhelper.swift */; };
		CDF6D4411DEEC94C000ACF38 /* HomebangumiViewController.swift in Sources */ = {isa = PBXBuildFile; fileRef = CDF6D4401DEEC94C000ACF38 /* HomebangumiViewController.swift */; };
/* End PBXBuildFile section */

/* Begin PBXContainerItemProxy section */
		CD7CD1C71DDC8F4D007F0628 /* PBXContainerItemProxy */ = {
			isa = PBXContainerItemProxy;
			containerPortal = CD7CD1AA1DDC8F4D007F0628 /* Project object */;
			proxyType = 1;
			remoteGlobalIDString = CD7CD1B11DDC8F4D007F0628;
			remoteInfo = zhnbilibili;
		};
		CD7CD1D21DDC8F4D007F0628 /* PBXContainerItemProxy */ = {
			isa = PBXContainerItemProxy;
			containerPortal = CD7CD1AA1DDC8F4D007F0628 /* Project object */;
			proxyType = 1;
			remoteGlobalIDString = CD7CD1B11DDC8F4D007F0628;
			remoteInfo = zhnbilibili;
		};
/* End PBXContainerItemProxy section */

/* Begin PBXFileReference section */
		180EA379108FA87FB30CC58B /* Pods-zhnbilibili.release.xcconfig */ = {isa = PBXFileReference; includeInIndex = 1; lastKnownFileType = text.xcconfig; name = "Pods-zhnbilibili.release.xcconfig"; path = "Pods/Target Support Files/Pods-zhnbilibili/Pods-zhnbilibili.release.xcconfig"; sourceTree = "<group>"; };
		8C1C412F7BD4A31BF2135116 /* Pods-zhnbilibili.debug.xcconfig */ = {isa = PBXFileReference; includeInIndex = 1; lastKnownFileType = text.xcconfig; name = "Pods-zhnbilibili.debug.xcconfig"; path = "Pods/Target Support Files/Pods-zhnbilibili/Pods-zhnbilibili.debug.xcconfig"; sourceTree = "<group>"; };
		976CABDC14F2569D776ECECE /* Pods_zhnbilibili.framework */ = {isa = PBXFileReference; explicitFileType = wrapper.framework; includeInIndex = 0; path = Pods_zhnbilibili.framework; sourceTree = BUILT_PRODUCTS_DIR; };
		CD0AE44E1DE2BA8600FCE7E0 /* MainTabbarViewController.swift */ = {isa = PBXFileReference; fileEncoding = 4; lastKnownFileType = sourcecode.swift; path = MainTabbarViewController.swift; sourceTree = "<group>"; };
		CD0AE4551DE2CE7D00FCE7E0 /* HomeViewController.swift */ = {isa = PBXFileReference; fileEncoding = 4; lastKnownFileType = sourcecode.swift; name = HomeViewController.swift; path = controllers/HomeViewController.swift; sourceTree = "<group>"; };
		CD0AE4591DE2DB1200FCE7E0 /* MainCustomNaViController.swift */ = {isa = PBXFileReference; fileEncoding = 4; lastKnownFileType = sourcecode.swift; path = MainCustomNaViController.swift; sourceTree = "<group>"; };
		CD0AE4601DE2E3D300FCE7E0 /* HomeRecommendViewController.swift */ = {isa = PBXFileReference; fileEncoding = 4; lastKnownFileType = sourcecode.swift; path = HomeRecommendViewController.swift; sourceTree = "<group>"; };
		CD0AE4621DE2ED2400FCE7E0 /* recommendModel.swift */ = {isa = PBXFileReference; fileEncoding = 4; lastKnownFileType = sourcecode.swift; path = recommendModel.swift; sourceTree = "<group>"; };
		CD0AE4661DE2F3CE00FCE7E0 /* recommendViewModel.swift */ = {isa = PBXFileReference; fileEncoding = 4; lastKnownFileType = sourcecode.swift; path = recommendViewModel.swift; sourceTree = "<group>"; };
		CD0AE46A1DE3305B00FCE7E0 /* Array+toJsonString.swift */ = {isa = PBXFileReference; fileEncoding = 4; lastKnownFileType = sourcecode.swift; path = "Array+toJsonString.swift"; sourceTree = "<group>"; };
		CD0AE46C1DE3317B00FCE7E0 /* ZHNjsonHelper.swift */ = {isa = PBXFileReference; fileEncoding = 4; lastKnownFileType = sourcecode.swift; name = ZHNjsonHelper.swift; path = tools/ZHNjsonHelper.swift; sourceTree = "<group>"; };
		CD0B0E311DF2F6C3003A160E /* HomeBangumiMenuView.swift */ = {isa = PBXFileReference; fileEncoding = 4; lastKnownFileType = sourcecode.swift; path = HomeBangumiMenuView.swift; sourceTree = "<group>"; };
		CD0B0E331DF2F6CF003A160E /* HomeBangumiMenuView.xib */ = {isa = PBXFileReference; fileEncoding = 4; lastKnownFileType = file.xib; path = HomeBangumiMenuView.xib; sourceTree = "<group>"; };
		CD0B0E371DF2FEAB003A160E /* UIView+cornerradiusAdd.swift */ = {isa = PBXFileReference; fileEncoding = 4; lastKnownFileType = sourcecode.swift; path = "UIView+cornerradiusAdd.swift"; sourceTree = "<group>"; };
		CD0B0E391DF3007F003A160E /* HomeBangumiTopView.swift */ = {isa = PBXFileReference; fileEncoding = 4; lastKnownFileType = sourcecode.swift; path = HomeBangumiTopView.swift; sourceTree = "<group>"; };
		CD0B0E3B1DF3E8F1003A160E /* HomeBangumiNormalHead.swift */ = {isa = PBXFileReference; fileEncoding = 4; lastKnownFileType = sourcecode.swift; path = HomeBangumiNormalHead.swift; sourceTree = "<group>"; };
		CD0B0E3D1DF44E30003A160E /* HomeBangumiTopFoot.swift */ = {isa = PBXFileReference; fileEncoding = 4; lastKnownFileType = sourcecode.swift; path = HomeBangumiTopFoot.swift; sourceTree = "<group>"; };
		CD0B0E411DF4556A003A160E /* Int+seasonAdd.swift */ = {isa = PBXFileReference; fileEncoding = 4; lastKnownFileType = sourcecode.swift; path = "Int+seasonAdd.swift"; sourceTree = "<group>"; };
		CD0DC74E1DEF037200843890 /* HomeBangumiModel.swift */ = {isa = PBXFileReference; fileEncoding = 4; lastKnownFileType = sourcecode.swift; path = HomeBangumiModel.swift; sourceTree = "<group>"; };
		CD0DC7501DEF083E00843890 /* HomeBangumiViewModel.swift */ = {isa = PBXFileReference; fileEncoding = 4; lastKnownFileType = sourcecode.swift; path = HomeBangumiViewModel.swift; sourceTree = "<group>"; };
		CD3124741DE989F40083D7AE /* JPFPSStatus.h */ = {isa = PBXFileReference; fileEncoding = 4; lastKnownFileType = sourcecode.c.h; path = JPFPSStatus.h; sourceTree = "<group>"; };
		CD3124751DE989F40083D7AE /* JPFPSStatus.m */ = {isa = PBXFileReference; fileEncoding = 4; lastKnownFileType = sourcecode.c.objc; path = JPFPSStatus.m; sourceTree = "<group>"; };
		CD3FF9C51DDDEDAF00A204F4 /* ZHNnetworkTool.swift */ = {isa = PBXFileReference; fileEncoding = 4; lastKnownFileType = sourcecode.swift; name = ZHNnetworkTool.swift; path = tools/ZHNnetworkTool.swift; sourceTree = "<group>"; };
		CD3FF9C71DDE084400A204F4 /* SwiftNotice.swift */ = {isa = PBXFileReference; fileEncoding = 4; lastKnownFileType = sourcecode.swift; name = SwiftNotice.swift; path = ../SwiftNotice.swift; sourceTree = "<group>"; };
		CD3FF9CC1DDEA04D00A204F4 /* String+zhnAdd.swift */ = {isa = PBXFileReference; fileEncoding = 4; lastKnownFileType = sourcecode.swift; path = "String+zhnAdd.swift"; sourceTree = "<group>"; };
		CD5549191DE6DE8C007D4C7F /* recommendActivityCell.swift */ = {isa = PBXFileReference; fileEncoding = 4; lastKnownFileType = sourcecode.swift; path = recommendActivityCell.swift; sourceTree = "<group>"; };
		CD6192A41DF50951006D6E55 /* HomeBangumiRecommendCell.swift */ = {isa = PBXFileReference; fileEncoding = 4; lastKnownFileType = sourcecode.swift; path = HomeBangumiRecommendCell.swift; sourceTree = "<group>"; };
		CD6A3ECB1DEB07D0002742A5 /* commenAreaCell.swift */ = {isa = PBXFileReference; fileEncoding = 4; lastKnownFileType = sourcecode.swift; path = commenAreaCell.swift; sourceTree = "<group>"; };
		CD6A3ECD1DEBCDDB002742A5 /* Int+coutdealAdd.swift */ = {isa = PBXFileReference; fileEncoding = 4; lastKnownFileType = sourcecode.swift; path = "Int+coutdealAdd.swift"; sourceTree = "<group>"; };
		CD6A3ECF1DEBCF7F002742A5 /* liveShowCell.swift */ = {isa = PBXFileReference; fileEncoding = 4; lastKnownFileType = sourcecode.swift; path = liveShowCell.swift; sourceTree = "<group>"; };
		CD6A3ED11DEBFF10002742A5 /* banmikuShowCell.swift */ = {isa = PBXFileReference; fileEncoding = 4; lastKnownFileType = sourcecode.swift; path = banmikuShowCell.swift; sourceTree = "<group>"; };
		CD6A3ED31DEC0F49002742A5 /* Date+timeBucket.swift */ = {isa = PBXFileReference; fileEncoding = 4; lastKnownFileType = sourcecode.swift; path = "Date+timeBucket.swift"; sourceTree = "<group>"; };
		CD6A3EE21DEC5ED8002742A5 /* homeLiveModel.swift */ = {isa = PBXFileReference; fileEncoding = 4; lastKnownFileType = sourcecode.swift; name = homeLiveModel.swift; path = zhnbilibili/extension/homeLiveModel.swift; sourceTree = SOURCE_ROOT; };
		CD6A3EE41DEC65CC002742A5 /* HomeLiveViewModel.swift */ = {isa = PBXFileReference; fileEncoding = 4; lastKnownFileType = sourcecode.swift; name = HomeLiveViewModel.swift; path = zhnbilibili/extension/HomeLiveViewModel.swift; sourceTree = SOURCE_ROOT; };
		CD6A3EE81DEC667F002742A5 /* HomeLiveShowViewController.swift */ = {isa = PBXFileReference; fileEncoding = 4; lastKnownFileType = sourcecode.swift; path = HomeLiveShowViewController.swift; sourceTree = "<group>"; };
		CD7157041DEDA90E008B628A /* homeLivehead.swift */ = {isa = PBXFileReference; fileEncoding = 4; lastKnownFileType = sourcecode.swift; path = homeLivehead.swift; sourceTree = "<group>"; };
		CD7157061DEE7126008B628A /* HomeLiveHeadMenu.swift */ = {isa = PBXFileReference; fileEncoding = 4; lastKnownFileType = sourcecode.swift; path = HomeLiveHeadMenu.swift; sourceTree = "<group>"; };
		CD7157081DEE712F008B628A /* HomeLiveHeadMenu.xib */ = {isa = PBXFileReference; fileEncoding = 4; lastKnownFileType = file.xib; path = HomeLiveHeadMenu.xib; sourceTree = "<group>"; };
		CD71570A1DEE9405008B628A /* HomeLiveFoot.swift */ = {isa = PBXFileReference; fileEncoding = 4; lastKnownFileType = sourcecode.swift; path = HomeLiveFoot.swift; sourceTree = "<group>"; };
		CD7CD1B21DDC8F4D007F0628 /* zhnbilibili.app */ = {isa = PBXFileReference; explicitFileType = wrapper.application; includeInIndex = 0; path = zhnbilibili.app; sourceTree = BUILT_PRODUCTS_DIR; };
		CD7CD1B51DDC8F4D007F0628 /* AppDelegate.swift */ = {isa = PBXFileReference; lastKnownFileType = sourcecode.swift; path = AppDelegate.swift; sourceTree = "<group>"; };
		CD7CD1BA1DDC8F4D007F0628 /* Base */ = {isa = PBXFileReference; lastKnownFileType = file.storyboard; name = Base; path = Base.lproj/Main.storyboard; sourceTree = "<group>"; };
		CD7CD1BC1DDC8F4D007F0628 /* Assets.xcassets */ = {isa = PBXFileReference; lastKnownFileType = folder.assetcatalog; path = Assets.xcassets; sourceTree = "<group>"; };
		CD7CD1BF1DDC8F4D007F0628 /* Base */ = {isa = PBXFileReference; lastKnownFileType = file.storyboard; name = Base; path = Base.lproj/LaunchScreen.storyboard; sourceTree = "<group>"; };
		CD7CD1C11DDC8F4D007F0628 /* Info.plist */ = {isa = PBXFileReference; lastKnownFileType = text.plist.xml; path = Info.plist; sourceTree = "<group>"; };
		CD7CD1C61DDC8F4D007F0628 /* zhnbilibiliTests.xctest */ = {isa = PBXFileReference; explicitFileType = wrapper.cfbundle; includeInIndex = 0; path = zhnbilibiliTests.xctest; sourceTree = BUILT_PRODUCTS_DIR; };
		CD7CD1CA1DDC8F4D007F0628 /* zhnbilibiliTests.swift */ = {isa = PBXFileReference; lastKnownFileType = sourcecode.swift; path = zhnbilibiliTests.swift; sourceTree = "<group>"; };
		CD7CD1CC1DDC8F4D007F0628 /* Info.plist */ = {isa = PBXFileReference; lastKnownFileType = text.plist.xml; path = Info.plist; sourceTree = "<group>"; };
		CD7CD1D11DDC8F4D007F0628 /* zhnbilibiliUITests.xctest */ = {isa = PBXFileReference; explicitFileType = wrapper.cfbundle; includeInIndex = 0; path = zhnbilibiliUITests.xctest; sourceTree = BUILT_PRODUCTS_DIR; };
		CD7CD1D51DDC8F4D007F0628 /* zhnbilibiliUITests.swift */ = {isa = PBXFileReference; lastKnownFileType = sourcecode.swift; path = zhnbilibiliUITests.swift; sourceTree = "<group>"; };
		CD7CD1D71DDC8F4D007F0628 /* Info.plist */ = {isa = PBXFileReference; lastKnownFileType = text.plist.xml; path = Info.plist; sourceTree = "<group>"; };
		CD7CD1E31DDC8F7C007F0628 /* ZHNrabbitFreshBaseViewController.swift */ = {isa = PBXFileReference; fileEncoding = 4; lastKnownFileType = sourcecode.swift; name = ZHNrabbitFreshBaseViewController.swift; path = ../../ZHNrabbitFreshBaseViewController.swift; sourceTree = "<group>"; };
		CD7CD1E71DDC902F007F0628 /* UIColor+zhnAdd.swift */ = {isa = PBXFileReference; fileEncoding = 4; lastKnownFileType = sourcecode.swift; path = "UIColor+zhnAdd.swift"; sourceTree = "<group>"; };
		CD7CD1E81DDC902F007F0628 /* UIimageView+gifAdd.swift */ = {isa = PBXFileReference; fileEncoding = 4; lastKnownFileType = sourcecode.swift; path = "UIimageView+gifAdd.swift"; sourceTree = "<group>"; };
		CD7CD1E91DDC902F007F0628 /* UIView+frameAdd.swift */ = {isa = PBXFileReference; fileEncoding = 4; lastKnownFileType = sourcecode.swift; path = "UIView+frameAdd.swift"; sourceTree = "<group>"; };
		CD7CD1F71DDD65E8007F0628 /* ZHNLog.swift */ = {isa = PBXFileReference; fileEncoding = 4; lastKnownFileType = sourcecode.swift; path = ZHNLog.swift; sourceTree = "<group>"; };
		CD7CD1FB1DDDA2A1007F0628 /* slideMenu.swift */ = {isa = PBXFileReference; fileEncoding = 4; lastKnownFileType = sourcecode.swift; name = slideMenu.swift; path = ../../slideMenu.swift; sourceTree = "<group>"; };
		CD7CD1FD1DDDAB75007F0628 /* UIGestureRecognizer+zhnAdd.swift */ = {isa = PBXFileReference; fileEncoding = 4; lastKnownFileType = sourcecode.swift; path = "UIGestureRecognizer+zhnAdd.swift"; sourceTree = "<group>"; };
		CD991BCD1DE408FD007BB093 /* normalBaseCell.swift */ = {isa = PBXFileReference; fileEncoding = 4; lastKnownFileType = sourcecode.swift; path = normalBaseCell.swift; sourceTree = "<group>"; };
		CDC31B5F1DE3EFDE00EADC2A /* collectionNormalHeader.swift */ = {isa = PBXFileReference; fileEncoding = 4; lastKnownFileType = sourcecode.swift; path = collectionNormalHeader.swift; sourceTree = "<group>"; };
		CDC704AC1DF552F400230AC9 /* ZHNbilibiliWebViewController.swift */ = {isa = PBXFileReference; fileEncoding = 4; lastKnownFileType = sourcecode.swift; path = ZHNbilibiliWebViewController.swift; sourceTree = "<group>"; };
		CDC704AE1DF5573500230AC9 /* customNaviBar.swift */ = {isa = PBXFileReference; fileEncoding = 4; lastKnownFileType = sourcecode.swift; path = customNaviBar.swift; sourceTree = "<group>"; };
		CDC704B21DF5B6EE00230AC9 /* AudioToolbox.framework */ = {isa = PBXFileReference; lastKnownFileType = wrapper.framework; name = AudioToolbox.framework; path = System/Library/Frameworks/AudioToolbox.framework; sourceTree = SDKROOT; };
		CDC704B41DF5B6F700230AC9 /* AVFoundation.framework */ = {isa = PBXFileReference; lastKnownFileType = wrapper.framework; name = AVFoundation.framework; path = System/Library/Frameworks/AVFoundation.framework; sourceTree = SDKROOT; };
		CDC704B61DF5B70600230AC9 /* CoreMedia.framework */ = {isa = PBXFileReference; lastKnownFileType = wrapper.framework; name = CoreMedia.framework; path = System/Library/Frameworks/CoreMedia.framework; sourceTree = SDKROOT; };
		CDC704B81DF5B71400230AC9 /* CoreVideo.framework */ = {isa = PBXFileReference; lastKnownFileType = wrapper.framework; name = CoreVideo.framework; path = System/Library/Frameworks/CoreVideo.framework; sourceTree = SDKROOT; };
		CDC704BA1DF5B72400230AC9 /* libbz2.tbd */ = {isa = PBXFileReference; lastKnownFileType = "sourcecode.text-based-dylib-definition"; name = libbz2.tbd; path = usr/lib/libbz2.tbd; sourceTree = SDKROOT; };
		CDC704BC1DF5B72D00230AC9 /* libz.tbd */ = {isa = PBXFileReference; lastKnownFileType = "sourcecode.text-based-dylib-definition"; name = libz.tbd; path = usr/lib/libz.tbd; sourceTree = SDKROOT; };
		CDC704BE1DF5B73600230AC9 /* MediaPlayer.framework */ = {isa = PBXFileReference; lastKnownFileType = wrapper.framework; name = MediaPlayer.framework; path = System/Library/Frameworks/MediaPlayer.framework; sourceTree = SDKROOT; };
		CDC704C01DF5B74100230AC9 /* MobileCoreServices.framework */ = {isa = PBXFileReference; lastKnownFileType = wrapper.framework; name = MobileCoreServices.framework; path = System/Library/Frameworks/MobileCoreServices.framework; sourceTree = SDKROOT; };
		CDC704C21DF5B74B00230AC9 /* OpenGLES.framework */ = {isa = PBXFileReference; lastKnownFileType = wrapper.framework; name = OpenGLES.framework; path = System/Library/Frameworks/OpenGLES.framework; sourceTree = SDKROOT; };
		CDC704C41DF5B75400230AC9 /* VideoToolbox.framework */ = {isa = PBXFileReference; lastKnownFileType = wrapper.framework; name = VideoToolbox.framework; path = System/Library/Frameworks/VideoToolbox.framework; sourceTree = SDKROOT; };
		CDCD9FB91DF056E4007D7188 /* HomeBangumiNormalCell.swift */ = {isa = PBXFileReference; fileEncoding = 4; lastKnownFileType = sourcecode.swift; path = HomeBangumiNormalCell.swift; sourceTree = "<group>"; };
		CDCD9FBB1DF05843007D7188 /* configs.swift */ = {isa = PBXFileReference; fileEncoding = 4; lastKnownFileType = sourcecode.swift; path = configs.swift; sourceTree = "<group>"; };
		CDD95A0D1DE4754800E7FBF8 /* zhnbilibili-Bridging-Header.h */ = {isa = PBXFileReference; lastKnownFileType = sourcecode.c.h; name = "zhnbilibili-Bridging-Header.h"; path = "lib/zhnbilibili-Bridging-Header.h"; sourceTree = "<group>"; };
		CDD95A0E1DE4754900E7FBF8 /* HJCornerRadius.m */ = {isa = PBXFileReference; fileEncoding = 4; lastKnownFileType = sourcecode.c.objc; path = HJCornerRadius.m; sourceTree = "<group>"; };
		CDD95A0F1DE4754900E7FBF8 /* HJCornerRadius.h */ = {isa = PBXFileReference; fileEncoding = 4; lastKnownFileType = sourcecode.c.h; path = HJCornerRadius.h; sourceTree = "<group>"; };
		CDD95A151DE537B600E7FBF8 /* ZHNCarouselView.swift */ = {isa = PBXFileReference; fileEncoding = 4; lastKnownFileType = sourcecode.swift; path = ZHNCarouselView.swift; sourceTree = "<group>"; };
		CDD95A181DE553D300E7FBF8 /* SwiftTimer.swift */ = {isa = PBXFileReference; fileEncoding = 4; lastKnownFileType = sourcecode.swift; path = SwiftTimer.swift; sourceTree = "<group>"; };
		CDD95A1A1DE5676600E7FBF8 /* DisPatchQueue+afrer.swift */ = {isa = PBXFileReference; fileEncoding = 4; lastKnownFileType = sourcecode.swift; path = "DisPatchQueue+afrer.swift"; sourceTree = "<group>"; };
		CDD95A1C1DE577D100E7FBF8 /* recommondhead.swift */ = {isa = PBXFileReference; fileEncoding = 4; lastKnownFileType = sourcecode.swift; path = recommondhead.swift; sourceTree = "<group>"; };
		CDD95A1E1DE5BFD400E7FBF8 /* recommendFoot.swift */ = {isa = PBXFileReference; fileEncoding = 4; lastKnownFileType = sourcecode.swift; path = recommendFoot.swift; sourceTree = "<group>"; };
		CDE587F51DE817A6005F4DFC /* recommendSectionReloadModel.swift */ = {isa = PBXFileReference; fileEncoding = 4; lastKnownFileType = sourcecode.swift; path = recommendSectionReloadModel.swift; sourceTree = "<group>"; };
		CDE587F71DE81A09005F4DFC /* recommendURLhelper.swift */ = {isa = PBXFileReference; fileEncoding = 4; lastKnownFileType = sourcecode.swift; path = recommendURLhelper.swift; sourceTree = "<group>"; };
		CDF6D4391DEEA3DA000ACF38 /* HomeLiveReloadURLhelper.swift */ = {isa = PBXFileReference; fileEncoding = 4; lastKnownFileType = sourcecode.swift; path = HomeLiveReloadURLhelper.swift; sourceTree = "<group>"; };
		CDF6D4401DEEC94C000ACF38 /* HomebangumiViewController.swift */ = {isa = PBXFileReference; fileEncoding = 4; lastKnownFileType = sourcecode.swift; path = HomebangumiViewController.swift; sourceTree = "<group>"; };
/* End PBXFileReference section */

/* Begin PBXFrameworksBuildPhase section */
		CD7CD1AF1DDC8F4D007F0628 /* Frameworks */ = {
			isa = PBXFrameworksBuildPhase;
			buildActionMask = 2147483647;
			files = (
				CDC704C51DF5B75400230AC9 /* VideoToolbox.framework in Frameworks */,
				CDC704C31DF5B74B00230AC9 /* OpenGLES.framework in Frameworks */,
				CDC704C11DF5B74100230AC9 /* MobileCoreServices.framework in Frameworks */,
				CDC704BF1DF5B73600230AC9 /* MediaPlayer.framework in Frameworks */,
				CDC704BD1DF5B72D00230AC9 /* libz.tbd in Frameworks */,
				CDC704BB1DF5B72400230AC9 /* libbz2.tbd in Frameworks */,
				CDC704B91DF5B71400230AC9 /* CoreVideo.framework in Frameworks */,
				CDC704B71DF5B70600230AC9 /* CoreMedia.framework in Frameworks */,
				CDC704B51DF5B6F700230AC9 /* AVFoundation.framework in Frameworks */,
				CDC704B31DF5B6EF00230AC9 /* AudioToolbox.framework in Frameworks */,
				074CB47A77798510140F59E4 /* Pods_zhnbilibili.framework in Frameworks */,
			);
			runOnlyForDeploymentPostprocessing = 0;
		};
		CD7CD1C31DDC8F4D007F0628 /* Frameworks */ = {
			isa = PBXFrameworksBuildPhase;
			buildActionMask = 2147483647;
			files = (
			);
			runOnlyForDeploymentPostprocessing = 0;
		};
		CD7CD1CE1DDC8F4D007F0628 /* Frameworks */ = {
			isa = PBXFrameworksBuildPhase;
			buildActionMask = 2147483647;
			files = (
			);
			runOnlyForDeploymentPostprocessing = 0;
		};
/* End PBXFrameworksBuildPhase section */

/* Begin PBXGroup section */
		A2770C4C22C5361E8EDD4955 /* Frameworks */ = {
			isa = PBXGroup;
			children = (
				CDC704C41DF5B75400230AC9 /* VideoToolbox.framework */,
				CDC704C21DF5B74B00230AC9 /* OpenGLES.framework */,
				CDC704C01DF5B74100230AC9 /* MobileCoreServices.framework */,
				CDC704BE1DF5B73600230AC9 /* MediaPlayer.framework */,
				CDC704BC1DF5B72D00230AC9 /* libz.tbd */,
				CDC704BA1DF5B72400230AC9 /* libbz2.tbd */,
				CDC704B81DF5B71400230AC9 /* CoreVideo.framework */,
				CDC704B61DF5B70600230AC9 /* CoreMedia.framework */,
				CDC704B41DF5B6F700230AC9 /* AVFoundation.framework */,
				CDC704B21DF5B6EE00230AC9 /* AudioToolbox.framework */,
				976CABDC14F2569D776ECECE /* Pods_zhnbilibili.framework */,
			);
			name = Frameworks;
			sourceTree = "<group>";
		};
		CD0AE44B1DE2B9DB00FCE7E0 /* Main */ = {
			isa = PBXGroup;
			children = (
				CD0AE44D1DE2BA2A00FCE7E0 /* views */,
				CD0AE44C1DE2BA1A00FCE7E0 /* controllers */,
			);
			path = Main;
			sourceTree = "<group>";
		};
		CD0AE44C1DE2BA1A00FCE7E0 /* controllers */ = {
			isa = PBXGroup;
			children = (
				CD0AE44E1DE2BA8600FCE7E0 /* MainTabbarViewController.swift */,
				CD0AE4591DE2DB1200FCE7E0 /* MainCustomNaViController.swift */,
			);
			path = controllers;
			sourceTree = "<group>";
		};
		CD0AE44D1DE2BA2A00FCE7E0 /* views */ = {
			isa = PBXGroup;
			children = (
			);
			path = views;
			sourceTree = "<group>";
		};
		CD0AE4501DE2CE3900FCE7E0 /* Home */ = {
			isa = PBXGroup;
			children = (
				CD0AE4551DE2CE7D00FCE7E0 /* HomeViewController.swift */,
				CDF6D43B1DEEC825000ACF38 /* bangumi(番剧) */,
				CD6A3EDB1DEC5A19002742A5 /* live(直播) */,
				CDD95A121DE5275B00E7FBF8 /* recommend(推荐) */,
			);
			name = Home;
			path = Main/Home;
			sourceTree = "<group>";
		};
		CD0AE4511DE2CE3900FCE7E0 /* controllers */ = {
			isa = PBXGroup;
			children = (
				CD0AE4601DE2E3D300FCE7E0 /* HomeRecommendViewController.swift */,
			);
			name = controllers;
			path = ../controllers;
			sourceTree = "<group>";
		};
		CD0AE4521DE2CE3900FCE7E0 /* models */ = {
			isa = PBXGroup;
			children = (
				CD0AE4621DE2ED2400FCE7E0 /* recommendModel.swift */,
				CDE587F51DE817A6005F4DFC /* recommendSectionReloadModel.swift */,
			);
			name = models;
			path = ../models;
			sourceTree = "<group>";
		};
		CD0AE4531DE2CE3900FCE7E0 /* viewModels */ = {
			isa = PBXGroup;
			children = (
				CD0AE4661DE2F3CE00FCE7E0 /* recommendViewModel.swift */,
				CDE587F71DE81A09005F4DFC /* recommendURLhelper.swift */,
			);
			name = viewModels;
			path = ../viewModels;
			sourceTree = "<group>";
		};
		CD0AE4541DE2CE3900FCE7E0 /* views */ = {
			isa = PBXGroup;
			children = (
				CD5549191DE6DE8C007D4C7F /* recommendActivityCell.swift */,
				CD991BCD1DE408FD007BB093 /* normalBaseCell.swift */,
				CD6A3ECB1DEB07D0002742A5 /* commenAreaCell.swift */,
				CD6A3ECF1DEBCF7F002742A5 /* liveShowCell.swift */,
				CD6A3ED11DEBFF10002742A5 /* banmikuShowCell.swift */,
				CDC31B5F1DE3EFDE00EADC2A /* collectionNormalHeader.swift */,
				CDD95A1C1DE577D100E7FBF8 /* recommondhead.swift */,
				CDD95A1E1DE5BFD400E7FBF8 /* recommendFoot.swift */,
			);
			name = views;
			path = ../views;
			sourceTree = "<group>";
		};
		CD0AE45B1DE2DD2900FCE7E0 /* Base */ = {
			isa = PBXGroup;
			children = (
				CD0AE45C1DE2DD2900FCE7E0 /* controllers */,
				CD0AE45D1DE2DD2900FCE7E0 /* views */,
			);
			path = Base;
			sourceTree = "<group>";
		};
		CD0AE45C1DE2DD2900FCE7E0 /* controllers */ = {
			isa = PBXGroup;
			children = (
				CD7CD1E31DDC8F7C007F0628 /* ZHNrabbitFreshBaseViewController.swift */,
			);
			path = controllers;
			sourceTree = "<group>";
		};
		CD0AE45D1DE2DD2900FCE7E0 /* views */ = {
			isa = PBXGroup;
			children = (
				CD7CD1FB1DDDA2A1007F0628 /* slideMenu.swift */,
				CDC704AE1DF5573500230AC9 /* customNaviBar.swift */,
			);
			path = views;
			sourceTree = "<group>";
		};
		CD3124701DE988E10083D7AE /* fps */ = {
			isa = PBXGroup;
			children = (
				CD3124741DE989F40083D7AE /* JPFPSStatus.h */,
				CD3124751DE989F40083D7AE /* JPFPSStatus.m */,
			);
			name = fps;
			sourceTree = "<group>";
		};
		CD3FF9CB1DDE9E1200A204F4 /* lib */ = {
			isa = PBXGroup;
			children = (
				CD3124701DE988E10083D7AE /* fps */,
				CDD95A171DE553C500E7FBF8 /* timer */,
				CDD95A141DE5377200E7FBF8 /* carouselView */,
				CDD95A131DE5376900E7FBF8 /* hud */,
				CDD95A111DE4756F00E7FBF8 /* cornerRadius */,
			);
			path = lib;
			sourceTree = "<group>";
		};
		CD6A3EDB1DEC5A19002742A5 /* live(直播) */ = {
			isa = PBXGroup;
			children = (
				CD6A3EDC1DEC5A19002742A5 /* controllers */,
				CD6A3EDD1DEC5A19002742A5 /* models */,
				CD6A3EDE1DEC5A19002742A5 /* viewModels */,
				CD6A3EDF1DEC5A19002742A5 /* views */,
			);
			name = "live(直播)";
			path = live;
			sourceTree = "<group>";
		};
		CD6A3EDC1DEC5A19002742A5 /* controllers */ = {
			isa = PBXGroup;
			children = (
				CD6A3EE81DEC667F002742A5 /* HomeLiveShowViewController.swift */,
			);
			path = controllers;
			sourceTree = "<group>";
		};
		CD6A3EDD1DEC5A19002742A5 /* models */ = {
			isa = PBXGroup;
			children = (
				CD6A3EE21DEC5ED8002742A5 /* homeLiveModel.swift */,
			);
			path = models;
			sourceTree = "<group>";
		};
		CD6A3EDE1DEC5A19002742A5 /* viewModels */ = {
			isa = PBXGroup;
			children = (
				CD6A3EE41DEC65CC002742A5 /* HomeLiveViewModel.swift */,
				CDF6D4391DEEA3DA000ACF38 /* HomeLiveReloadURLhelper.swift */,
			);
			path = viewModels;
			sourceTree = "<group>";
		};
		CD6A3EDF1DEC5A19002742A5 /* views */ = {
			isa = PBXGroup;
			children = (
				CD7157041DEDA90E008B628A /* homeLivehead.swift */,
				CD7157061DEE7126008B628A /* HomeLiveHeadMenu.swift */,
				CD7157081DEE712F008B628A /* HomeLiveHeadMenu.xib */,
				CD71570A1DEE9405008B628A /* HomeLiveFoot.swift */,
			);
			path = views;
			sourceTree = "<group>";
		};
		CD7CD1A91DDC8F4D007F0628 = {
			isa = PBXGroup;
			children = (
				CD7CD1B41DDC8F4D007F0628 /* zhnbilibili */,
				CD7CD1C91DDC8F4D007F0628 /* zhnbilibiliTests */,
				CD7CD1D41DDC8F4D007F0628 /* zhnbilibiliUITests */,
				CD7CD1B31DDC8F4D007F0628 /* Products */,
				D02C138A2638C20027B9F644 /* Pods */,
				A2770C4C22C5361E8EDD4955 /* Frameworks */,
			);
			sourceTree = "<group>";
		};
		CD7CD1B31DDC8F4D007F0628 /* Products */ = {
			isa = PBXGroup;
			children = (
				CD7CD1B21DDC8F4D007F0628 /* zhnbilibili.app */,
				CD7CD1C61DDC8F4D007F0628 /* zhnbilibiliTests.xctest */,
				CD7CD1D11DDC8F4D007F0628 /* zhnbilibiliUITests.xctest */,
			);
			name = Products;
			sourceTree = "<group>";
		};
		CD7CD1B41DDC8F4D007F0628 /* zhnbilibili */ = {
			isa = PBXGroup;
			children = (
				CDD95A0D1DE4754800E7FBF8 /* zhnbilibili-Bridging-Header.h */,
				CD7CD1B51DDC8F4D007F0628 /* AppDelegate.swift */,
				CDC704AB1DF551F900230AC9 /* webView */,
				CD3FF9CB1DDE9E1200A204F4 /* lib */,
				CD7CD1F41DDD5711007F0628 /* helpers */,
				CD7CD1EF1DDC940E007F0628 /* configs */,
				CD7CD1E61DDC902F007F0628 /* extensions */,
				CD0AE45B1DE2DD2900FCE7E0 /* Base */,
				CD0AE44B1DE2B9DB00FCE7E0 /* Main */,
				CD0AE4501DE2CE3900FCE7E0 /* Home */,
				CD7CD1B91DDC8F4D007F0628 /* Main.storyboard */,
				CD7CD1BC1DDC8F4D007F0628 /* Assets.xcassets */,
				CD7CD1BE1DDC8F4D007F0628 /* LaunchScreen.storyboard */,
				CD7CD1C11DDC8F4D007F0628 /* Info.plist */,
			);
			path = zhnbilibili;
			sourceTree = "<group>";
		};
		CD7CD1C91DDC8F4D007F0628 /* zhnbilibiliTests */ = {
			isa = PBXGroup;
			children = (
				CD7CD1CA1DDC8F4D007F0628 /* zhnbilibiliTests.swift */,
				CD7CD1CC1DDC8F4D007F0628 /* Info.plist */,
			);
			path = zhnbilibiliTests;
			sourceTree = "<group>";
		};
		CD7CD1D41DDC8F4D007F0628 /* zhnbilibiliUITests */ = {
			isa = PBXGroup;
			children = (
				CD7CD1D51DDC8F4D007F0628 /* zhnbilibiliUITests.swift */,
				CD7CD1D71DDC8F4D007F0628 /* Info.plist */,
			);
			path = zhnbilibiliUITests;
			sourceTree = "<group>";
		};
		CD7CD1E61DDC902F007F0628 /* extensions */ = {
			isa = PBXGroup;
			children = (
				CD7CD1E71DDC902F007F0628 /* UIColor+zhnAdd.swift */,
				CD0AE46A1DE3305B00FCE7E0 /* Array+toJsonString.swift */,
				CD7CD1E81DDC902F007F0628 /* UIimageView+gifAdd.swift */,
				CD7CD1E91DDC902F007F0628 /* UIView+frameAdd.swift */,
				CD7CD1FD1DDDAB75007F0628 /* UIGestureRecognizer+zhnAdd.swift */,
				CD3FF9CC1DDEA04D00A204F4 /* String+zhnAdd.swift */,
				CDD95A1A1DE5676600E7FBF8 /* DisPatchQueue+afrer.swift */,
				CD6A3ECD1DEBCDDB002742A5 /* Int+coutdealAdd.swift */,
				CD6A3ED31DEC0F49002742A5 /* Date+timeBucket.swift */,
				CD0B0E371DF2FEAB003A160E /* UIView+cornerradiusAdd.swift */,
				CD0B0E411DF4556A003A160E /* Int+seasonAdd.swift */,
			);
			name = extensions;
			path = extension;
			sourceTree = "<group>";
		};
		CD7CD1EF1DDC940E007F0628 /* configs */ = {
			isa = PBXGroup;
			children = (
				CDCD9FBB1DF05843007D7188 /* configs.swift */,
			);
			name = configs;
			path = config;
			sourceTree = "<group>";
		};
		CD7CD1F41DDD5711007F0628 /* helpers */ = {
			isa = PBXGroup;
			children = (
				CD3FF9C51DDDEDAF00A204F4 /* ZHNnetworkTool.swift */,
				CD0AE46C1DE3317B00FCE7E0 /* ZHNjsonHelper.swift */,
				CD7CD1F71DDD65E8007F0628 /* ZHNLog.swift */,
			);
			path = helpers;
			sourceTree = "<group>";
		};
		CDC704AB1DF551F900230AC9 /* webView */ = {
			isa = PBXGroup;
			children = (
				CDC704AC1DF552F400230AC9 /* ZHNbilibiliWebViewController.swift */,
			);
			path = webView;
			sourceTree = "<group>";
		};
		CDD95A111DE4756F00E7FBF8 /* cornerRadius */ = {
			isa = PBXGroup;
			children = (
				CDD95A0F1DE4754900E7FBF8 /* HJCornerRadius.h */,
				CDD95A0E1DE4754900E7FBF8 /* HJCornerRadius.m */,
			);
			name = cornerRadius;
			sourceTree = "<group>";
		};
		CDD95A121DE5275B00E7FBF8 /* recommend(推荐) */ = {
			isa = PBXGroup;
			children = (
				CD0AE4511DE2CE3900FCE7E0 /* controllers */,
				CD0AE4521DE2CE3900FCE7E0 /* models */,
				CD0AE4531DE2CE3900FCE7E0 /* viewModels */,
				CD0AE4541DE2CE3900FCE7E0 /* views */,
			);
			name = "recommend(推荐)";
			path = live;
			sourceTree = "<group>";
		};
		CDD95A131DE5376900E7FBF8 /* hud */ = {
			isa = PBXGroup;
			children = (
				CD3FF9C71DDE084400A204F4 /* SwiftNotice.swift */,
			);
			name = hud;
			sourceTree = "<group>";
		};
		CDD95A141DE5377200E7FBF8 /* carouselView */ = {
			isa = PBXGroup;
			children = (
				CDD95A151DE537B600E7FBF8 /* ZHNCarouselView.swift */,
			);
			name = carouselView;
			sourceTree = "<group>";
		};
		CDD95A171DE553C500E7FBF8 /* timer */ = {
			isa = PBXGroup;
			children = (
				CDD95A181DE553D300E7FBF8 /* SwiftTimer.swift */,
			);
			name = timer;
			sourceTree = "<group>";
		};
		CDF6D43B1DEEC825000ACF38 /* bangumi(番剧) */ = {
			isa = PBXGroup;
			children = (
				CDF6D43C1DEEC825000ACF38 /* controllers */,
				CDF6D43D1DEEC825000ACF38 /* models */,
				CDF6D43E1DEEC825000ACF38 /* viewModels */,
				CDF6D43F1DEEC825000ACF38 /* views */,
			);
			name = "bangumi(番剧)";
			path = bangumi;
			sourceTree = "<group>";
		};
		CDF6D43C1DEEC825000ACF38 /* controllers */ = {
			isa = PBXGroup;
			children = (
				CDF6D4401DEEC94C000ACF38 /* HomebangumiViewController.swift */,
			);
			path = controllers;
			sourceTree = "<group>";
		};
		CDF6D43D1DEEC825000ACF38 /* models */ = {
			isa = PBXGroup;
			children = (
				CD0DC74E1DEF037200843890 /* HomeBangumiModel.swift */,
			);
			path = models;
			sourceTree = "<group>";
		};
		CDF6D43E1DEEC825000ACF38 /* viewModels */ = {
			isa = PBXGroup;
			children = (
				CD0DC7501DEF083E00843890 /* HomeBangumiViewModel.swift */,
			);
			path = viewModels;
			sourceTree = "<group>";
		};
		CDF6D43F1DEEC825000ACF38 /* views */ = {
			isa = PBXGroup;
			children = (
				CDCD9FB91DF056E4007D7188 /* HomeBangumiNormalCell.swift */,
				CD0B0E391DF3007F003A160E /* HomeBangumiTopView.swift */,
				CD0B0E311DF2F6C3003A160E /* HomeBangumiMenuView.swift */,
				CD0B0E331DF2F6CF003A160E /* HomeBangumiMenuView.xib */,
				CD0B0E3B1DF3E8F1003A160E /* HomeBangumiNormalHead.swift */,
				CD0B0E3D1DF44E30003A160E /* HomeBangumiTopFoot.swift */,
				CD6192A41DF50951006D6E55 /* HomeBangumiRecommendCell.swift */,
			);
			path = views;
			sourceTree = "<group>";
		};
		D02C138A2638C20027B9F644 /* Pods */ = {
			isa = PBXGroup;
			children = (
				8C1C412F7BD4A31BF2135116 /* Pods-zhnbilibili.debug.xcconfig */,
				180EA379108FA87FB30CC58B /* Pods-zhnbilibili.release.xcconfig */,
			);
			name = Pods;
			sourceTree = "<group>";
		};
/* End PBXGroup section */

/* Begin PBXNativeTarget section */
		CD7CD1B11DDC8F4D007F0628 /* zhnbilibili */ = {
			isa = PBXNativeTarget;
			buildConfigurationList = CD7CD1DA1DDC8F4D007F0628 /* Build configuration list for PBXNativeTarget "zhnbilibili" */;
			buildPhases = (
				A9C7A81E960C196FD8833F97 /* [CP] Check Pods Manifest.lock */,
				CD7CD1AE1DDC8F4D007F0628 /* Sources */,
				CD7CD1AF1DDC8F4D007F0628 /* Frameworks */,
				CD7CD1B01DDC8F4D007F0628 /* Resources */,
				CD80BD77CDDF3D7FE6C3853D /* [CP] Embed Pods Frameworks */,
				E3555B00104815F3D9D11FB8 /* [CP] Copy Pods Resources */,
			);
			buildRules = (
			);
			dependencies = (
			);
			name = zhnbilibili;
			productName = zhnbilibili;
			productReference = CD7CD1B21DDC8F4D007F0628 /* zhnbilibili.app */;
			productType = "com.apple.product-type.application";
		};
		CD7CD1C51DDC8F4D007F0628 /* zhnbilibiliTests */ = {
			isa = PBXNativeTarget;
			buildConfigurationList = CD7CD1DD1DDC8F4D007F0628 /* Build configuration list for PBXNativeTarget "zhnbilibiliTests" */;
			buildPhases = (
				CD7CD1C21DDC8F4D007F0628 /* Sources */,
				CD7CD1C31DDC8F4D007F0628 /* Frameworks */,
				CD7CD1C41DDC8F4D007F0628 /* Resources */,
			);
			buildRules = (
			);
			dependencies = (
				CD7CD1C81DDC8F4D007F0628 /* PBXTargetDependency */,
			);
			name = zhnbilibiliTests;
			productName = zhnbilibiliTests;
			productReference = CD7CD1C61DDC8F4D007F0628 /* zhnbilibiliTests.xctest */;
			productType = "com.apple.product-type.bundle.unit-test";
		};
		CD7CD1D01DDC8F4D007F0628 /* zhnbilibiliUITests */ = {
			isa = PBXNativeTarget;
			buildConfigurationList = CD7CD1E01DDC8F4D007F0628 /* Build configuration list for PBXNativeTarget "zhnbilibiliUITests" */;
			buildPhases = (
				CD7CD1CD1DDC8F4D007F0628 /* Sources */,
				CD7CD1CE1DDC8F4D007F0628 /* Frameworks */,
				CD7CD1CF1DDC8F4D007F0628 /* Resources */,
			);
			buildRules = (
			);
			dependencies = (
				CD7CD1D31DDC8F4D007F0628 /* PBXTargetDependency */,
			);
			name = zhnbilibiliUITests;
			productName = zhnbilibiliUITests;
			productReference = CD7CD1D11DDC8F4D007F0628 /* zhnbilibiliUITests.xctest */;
			productType = "com.apple.product-type.bundle.ui-testing";
		};
/* End PBXNativeTarget section */

/* Begin PBXProject section */
		CD7CD1AA1DDC8F4D007F0628 /* Project object */ = {
			isa = PBXProject;
			attributes = {
				LastSwiftUpdateCheck = 0800;
				LastUpgradeCheck = 0800;
				ORGANIZATIONNAME = zhn;
				TargetAttributes = {
					CD7CD1B11DDC8F4D007F0628 = {
						CreatedOnToolsVersion = 8.0;
						DevelopmentTeam = 5V5B3UC44Z;
						LastSwiftMigration = 0800;
						ProvisioningStyle = Automatic;
					};
					CD7CD1C51DDC8F4D007F0628 = {
						CreatedOnToolsVersion = 8.0;
						ProvisioningStyle = Automatic;
						TestTargetID = CD7CD1B11DDC8F4D007F0628;
					};
					CD7CD1D01DDC8F4D007F0628 = {
						CreatedOnToolsVersion = 8.0;
						ProvisioningStyle = Automatic;
						TestTargetID = CD7CD1B11DDC8F4D007F0628;
					};
				};
			};
			buildConfigurationList = CD7CD1AD1DDC8F4D007F0628 /* Build configuration list for PBXProject "zhnbilibili" */;
			compatibilityVersion = "Xcode 3.2";
			developmentRegion = English;
			hasScannedForEncodings = 0;
			knownRegions = (
				en,
				Base,
			);
			mainGroup = CD7CD1A91DDC8F4D007F0628;
			productRefGroup = CD7CD1B31DDC8F4D007F0628 /* Products */;
			projectDirPath = "";
			projectRoot = "";
			targets = (
				CD7CD1B11DDC8F4D007F0628 /* zhnbilibili */,
				CD7CD1C51DDC8F4D007F0628 /* zhnbilibiliTests */,
				CD7CD1D01DDC8F4D007F0628 /* zhnbilibiliUITests */,
			);
		};
/* End PBXProject section */

/* Begin PBXResourcesBuildPhase section */
		CD7CD1B01DDC8F4D007F0628 /* Resources */ = {
			isa = PBXResourcesBuildPhase;
			buildActionMask = 2147483647;
			files = (
				CD7CD1C01DDC8F4D007F0628 /* LaunchScreen.storyboard in Resources */,
				CD7157091DEE712F008B628A /* HomeLiveHeadMenu.xib in Resources */,
				CD0B0E341DF2F6CF003A160E /* HomeBangumiMenuView.xib in Resources */,
				CD7CD1BD1DDC8F4D007F0628 /* Assets.xcassets in Resources */,
				CD7CD1BB1DDC8F4D007F0628 /* Main.storyboard in Resources */,
			);
			runOnlyForDeploymentPostprocessing = 0;
		};
		CD7CD1C41DDC8F4D007F0628 /* Resources */ = {
			isa = PBXResourcesBuildPhase;
			buildActionMask = 2147483647;
			files = (
			);
			runOnlyForDeploymentPostprocessing = 0;
		};
		CD7CD1CF1DDC8F4D007F0628 /* Resources */ = {
			isa = PBXResourcesBuildPhase;
			buildActionMask = 2147483647;
			files = (
			);
			runOnlyForDeploymentPostprocessing = 0;
		};
/* End PBXResourcesBuildPhase section */

/* Begin PBXShellScriptBuildPhase section */
		A9C7A81E960C196FD8833F97 /* [CP] Check Pods Manifest.lock */ = {
			isa = PBXShellScriptBuildPhase;
			buildActionMask = 2147483647;
			files = (
			);
			inputPaths = (
			);
			name = "[CP] Check Pods Manifest.lock";
			outputPaths = (
			);
			runOnlyForDeploymentPostprocessing = 0;
			shellPath = /bin/sh;
			shellScript = "diff \"${PODS_ROOT}/../Podfile.lock\" \"${PODS_ROOT}/Manifest.lock\" > /dev/null\nif [ $? != 0 ] ; then\n    # print error to STDERR\n    echo \"error: The sandbox is not in sync with the Podfile.lock. Run 'pod install' or update your CocoaPods installation.\" >&2\n    exit 1\nfi\n";
			showEnvVarsInLog = 0;
		};
		CD80BD77CDDF3D7FE6C3853D /* [CP] Embed Pods Frameworks */ = {
			isa = PBXShellScriptBuildPhase;
			buildActionMask = 2147483647;
			files = (
			);
			inputPaths = (
			);
			name = "[CP] Embed Pods Frameworks";
			outputPaths = (
			);
			runOnlyForDeploymentPostprocessing = 0;
			shellPath = /bin/sh;
			shellScript = "\"${SRCROOT}/Pods/Target Support Files/Pods-zhnbilibili/Pods-zhnbilibili-frameworks.sh\"\n";
			showEnvVarsInLog = 0;
		};
		E3555B00104815F3D9D11FB8 /* [CP] Copy Pods Resources */ = {
			isa = PBXShellScriptBuildPhase;
			buildActionMask = 2147483647;
			files = (
			);
			inputPaths = (
			);
			name = "[CP] Copy Pods Resources";
			outputPaths = (
			);
			runOnlyForDeploymentPostprocessing = 0;
			shellPath = /bin/sh;
			shellScript = "\"${SRCROOT}/Pods/Target Support Files/Pods-zhnbilibili/Pods-zhnbilibili-resources.sh\"\n";
			showEnvVarsInLog = 0;
		};
/* End PBXShellScriptBuildPhase section */

/* Begin PBXSourcesBuildPhase section */
		CD7CD1AE1DDC8F4D007F0628 /* Sources */ = {
			isa = PBXSourcesBuildPhase;
			buildActionMask = 2147483647;
			files = (
				CDD95A1F1DE5BFD400E7FBF8 /* recommendFoot.swift in Sources */,
				CD991BCE1DE408FD007BB093 /* normalBaseCell.swift in Sources */,
				CDE587F61DE817A6005F4DFC /* recommendSectionReloadModel.swift in Sources */,
				CDD95A1D1DE577D100E7FBF8 /* recommondhead.swift in Sources */,
				CD6A3ECC1DEB07D0002742A5 /* commenAreaCell.swift in Sources */,
				CD0B0E3A1DF3007F003A160E /* HomeBangumiTopView.swift in Sources */,
				CDF6D4411DEEC94C000ACF38 /* HomebangumiViewController.swift in Sources */,
				CD7CD1FE1DDDAB75007F0628 /* UIGestureRecognizer+zhnAdd.swift in Sources */,
				CDC31B601DE3EFDE00EADC2A /* collectionNormalHeader.swift in Sources */,
				CD55491A1DE6DE8C007D4C7F /* recommendActivityCell.swift in Sources */,
				CD0AE4561DE2CE7D00FCE7E0 /* HomeViewController.swift in Sources */,
				CD3FF9C61DDDEDAF00A204F4 /* ZHNnetworkTool.swift in Sources */,
				CD6A3EE31DEC5ED8002742A5 /* homeLiveModel.swift in Sources */,
				CD6A3EE51DEC65CC002742A5 /* HomeLiveViewModel.swift in Sources */,
				CD0B0E321DF2F6C3003A160E /* HomeBangumiMenuView.swift in Sources */,
				CD6A3EE91DEC667F002742A5 /* HomeLiveShowViewController.swift in Sources */,
				CD7CD1EC1DDC902F007F0628 /* UIView+frameAdd.swift in Sources */,
				CD0AE46D1DE3317B00FCE7E0 /* ZHNjsonHelper.swift in Sources */,
				CD6A3ED21DEBFF10002742A5 /* banmikuShowCell.swift in Sources */,
				CDC704AF1DF5573500230AC9 /* customNaviBar.swift in Sources */,
				CD7CD1EA1DDC902F007F0628 /* UIColor+zhnAdd.swift in Sources */,
				CD7157051DEDA90E008B628A /* homeLivehead.swift in Sources */,
				CD6A3ED01DEBCF7F002742A5 /* liveShowCell.swift in Sources */,
				CD0B0E421DF4556A003A160E /* Int+seasonAdd.swift in Sources */,
				CD0AE46B1DE3305B00FCE7E0 /* Array+toJsonString.swift in Sources */,
				CD3FF9CD1DDEA04D00A204F4 /* String+zhnAdd.swift in Sources */,
				CDD95A101DE4754900E7FBF8 /* HJCornerRadius.m in Sources */,
				CD0AE4631DE2ED2400FCE7E0 /* recommendModel.swift in Sources */,
				CDF6D43A1DEEA3DA000ACF38 /* HomeLiveReloadURLhelper.swift in Sources */,
				CD7CD1EB1DDC902F007F0628 /* UIimageView+gifAdd.swift in Sources */,
				CD7CD1F81DDD65E8007F0628 /* ZHNLog.swift in Sources */,
				CDD95A1B1DE5676600E7FBF8 /* DisPatchQueue+afrer.swift in Sources */,
				CD0DC7511DEF083E00843890 /* HomeBangumiViewModel.swift in Sources */,
				CD3124761DE989F40083D7AE /* JPFPSStatus.m in Sources */,
				CDD95A161DE537B600E7FBF8 /* ZHNCarouselView.swift in Sources */,
				CDC704AD1DF552F400230AC9 /* ZHNbilibiliWebViewController.swift in Sources */,
				CD0B0E3C1DF3E8F1003A160E /* HomeBangumiNormalHead.swift in Sources */,
				CD6192A51DF50951006D6E55 /* HomeBangumiRecommendCell.swift in Sources */,
				CD0AE44F1DE2BA8600FCE7E0 /* MainTabbarViewController.swift in Sources */,
				CD7CD1B61DDC8F4D007F0628 /* AppDelegate.swift in Sources */,
				CD0AE4671DE2F3CE00FCE7E0 /* recommendViewModel.swift in Sources */,
				CD0AE4611DE2E3D300FCE7E0 /* HomeRecommendViewController.swift in Sources */,
				CDD95A191DE553D300E7FBF8 /* SwiftTimer.swift in Sources */,
				CD7CD1E41DDC8F7C007F0628 /* ZHNrabbitFreshBaseViewController.swift in Sources */,
				CDCD9FBC1DF05843007D7188 /* configs.swift in Sources */,
				CD3FF9C81DDE084400A204F4 /* SwiftNotice.swift in Sources */,
				CD0AE45A1DE2DB1200FCE7E0 /* MainCustomNaViController.swift in Sources */,
				CD0B0E3E1DF44E30003A160E /* HomeBangumiTopFoot.swift in Sources */,
				CD7157071DEE7126008B628A /* HomeLiveHeadMenu.swift in Sources */,
				CD6A3ECE1DEBCDDB002742A5 /* Int+coutdealAdd.swift in Sources */,
				CDE587F81DE81A09005F4DFC /* recommendURLhelper.swift in Sources */,
				CD71570B1DEE9405008B628A /* HomeLiveFoot.swift in Sources */,
				CD6A3ED41DEC0F49002742A5 /* Date+timeBucket.swift in Sources */,
				CDCD9FBA1DF056E4007D7188 /* HomeBangumiNormalCell.swift in Sources */,
				CD0DC74F1DEF037200843890 /* HomeBangumiModel.swift in Sources */,
				CD7CD1FC1DDDA2A1007F0628 /* slideMenu.swift in Sources */,
				CD0B0E381DF2FEAB003A160E /* UIView+cornerradiusAdd.swift in Sources */,
			);
			runOnlyForDeploymentPostprocessing = 0;
		};
		CD7CD1C21DDC8F4D007F0628 /* Sources */ = {
			isa = PBXSourcesBuildPhase;
			buildActionMask = 2147483647;
			files = (
				CD7CD1CB1DDC8F4D007F0628 /* zhnbilibiliTests.swift in Sources */,
			);
			runOnlyForDeploymentPostprocessing = 0;
		};
		CD7CD1CD1DDC8F4D007F0628 /* Sources */ = {
			isa = PBXSourcesBuildPhase;
			buildActionMask = 2147483647;
			files = (
				CD7CD1D61DDC8F4D007F0628 /* zhnbilibiliUITests.swift in Sources */,
			);
			runOnlyForDeploymentPostprocessing = 0;
		};
/* End PBXSourcesBuildPhase section */

/* Begin PBXTargetDependency section */
		CD7CD1C81DDC8F4D007F0628 /* PBXTargetDependency */ = {
			isa = PBXTargetDependency;
			target = CD7CD1B11DDC8F4D007F0628 /* zhnbilibili */;
			targetProxy = CD7CD1C71DDC8F4D007F0628 /* PBXContainerItemProxy */;
		};
		CD7CD1D31DDC8F4D007F0628 /* PBXTargetDependency */ = {
			isa = PBXTargetDependency;
			target = CD7CD1B11DDC8F4D007F0628 /* zhnbilibili */;
			targetProxy = CD7CD1D21DDC8F4D007F0628 /* PBXContainerItemProxy */;
		};
/* End PBXTargetDependency section */

/* Begin PBXVariantGroup section */
		CD7CD1B91DDC8F4D007F0628 /* Main.storyboard */ = {
			isa = PBXVariantGroup;
			children = (
				CD7CD1BA1DDC8F4D007F0628 /* Base */,
			);
			name = Main.storyboard;
			sourceTree = "<group>";
		};
		CD7CD1BE1DDC8F4D007F0628 /* LaunchScreen.storyboard */ = {
			isa = PBXVariantGroup;
			children = (
				CD7CD1BF1DDC8F4D007F0628 /* Base */,
			);
			name = LaunchScreen.storyboard;
			sourceTree = "<group>";
		};
/* End PBXVariantGroup section */

/* Begin XCBuildConfiguration section */
		CD7CD1D81DDC8F4D007F0628 /* Debug */ = {
			isa = XCBuildConfiguration;
			buildSettings = {
				ALWAYS_SEARCH_USER_PATHS = NO;
				CLANG_ANALYZER_NONNULL = YES;
				CLANG_CXX_LANGUAGE_STANDARD = "gnu++0x";
				CLANG_CXX_LIBRARY = "libc++";
				CLANG_ENABLE_MODULES = YES;
				CLANG_ENABLE_OBJC_ARC = YES;
				CLANG_WARN_BOOL_CONVERSION = YES;
				CLANG_WARN_CONSTANT_CONVERSION = YES;
				CLANG_WARN_DIRECT_OBJC_ISA_USAGE = YES_ERROR;
				CLANG_WARN_DOCUMENTATION_COMMENTS = YES;
				CLANG_WARN_EMPTY_BODY = YES;
				CLANG_WARN_ENUM_CONVERSION = YES;
				CLANG_WARN_INFINITE_RECURSION = YES;
				CLANG_WARN_INT_CONVERSION = YES;
				CLANG_WARN_OBJC_ROOT_CLASS = YES_ERROR;
				CLANG_WARN_SUSPICIOUS_MOVES = YES;
				CLANG_WARN_UNREACHABLE_CODE = YES;
				CLANG_WARN__DUPLICATE_METHOD_MATCH = YES;
				"CODE_SIGN_IDENTITY[sdk=iphoneos*]" = "iPhone Developer";
				COPY_PHASE_STRIP = NO;
				DEBUG_INFORMATION_FORMAT = dwarf;
				ENABLE_STRICT_OBJC_MSGSEND = YES;
				ENABLE_TESTABILITY = YES;
				GCC_C_LANGUAGE_STANDARD = gnu99;
				GCC_DYNAMIC_NO_PIC = NO;
				GCC_NO_COMMON_BLOCKS = YES;
				GCC_OPTIMIZATION_LEVEL = 0;
				GCC_PREPROCESSOR_DEFINITIONS = (
					"DEBUG=1",
					"$(inherited)",
				);
				GCC_WARN_64_TO_32_BIT_CONVERSION = YES;
				GCC_WARN_ABOUT_RETURN_TYPE = YES_ERROR;
				GCC_WARN_UNDECLARED_SELECTOR = YES;
				GCC_WARN_UNINITIALIZED_AUTOS = YES_AGGRESSIVE;
				GCC_WARN_UNUSED_FUNCTION = YES;
				GCC_WARN_UNUSED_VARIABLE = YES;
				IPHONEOS_DEPLOYMENT_TARGET = 10.0;
				MTL_ENABLE_DEBUG_INFO = YES;
				ONLY_ACTIVE_ARCH = YES;
				SDKROOT = iphoneos;
				SWIFT_ACTIVE_COMPILATION_CONDITIONS = DEBUG;
				SWIFT_OPTIMIZATION_LEVEL = "-Onone";
			};
			name = Debug;
		};
		CD7CD1D91DDC8F4D007F0628 /* Release */ = {
			isa = XCBuildConfiguration;
			buildSettings = {
				ALWAYS_SEARCH_USER_PATHS = NO;
				CLANG_ANALYZER_NONNULL = YES;
				CLANG_CXX_LANGUAGE_STANDARD = "gnu++0x";
				CLANG_CXX_LIBRARY = "libc++";
				CLANG_ENABLE_MODULES = YES;
				CLANG_ENABLE_OBJC_ARC = YES;
				CLANG_WARN_BOOL_CONVERSION = YES;
				CLANG_WARN_CONSTANT_CONVERSION = YES;
				CLANG_WARN_DIRECT_OBJC_ISA_USAGE = YES_ERROR;
				CLANG_WARN_DOCUMENTATION_COMMENTS = YES;
				CLANG_WARN_EMPTY_BODY = YES;
				CLANG_WARN_ENUM_CONVERSION = YES;
				CLANG_WARN_INFINITE_RECURSION = YES;
				CLANG_WARN_INT_CONVERSION = YES;
				CLANG_WARN_OBJC_ROOT_CLASS = YES_ERROR;
				CLANG_WARN_SUSPICIOUS_MOVES = YES;
				CLANG_WARN_UNREACHABLE_CODE = YES;
				CLANG_WARN__DUPLICATE_METHOD_MATCH = YES;
				"CODE_SIGN_IDENTITY[sdk=iphoneos*]" = "iPhone Developer";
				COPY_PHASE_STRIP = NO;
				DEBUG_INFORMATION_FORMAT = "dwarf-with-dsym";
				ENABLE_NS_ASSERTIONS = NO;
				ENABLE_STRICT_OBJC_MSGSEND = YES;
				GCC_C_LANGUAGE_STANDARD = gnu99;
				GCC_NO_COMMON_BLOCKS = YES;
				GCC_WARN_64_TO_32_BIT_CONVERSION = YES;
				GCC_WARN_ABOUT_RETURN_TYPE = YES_ERROR;
				GCC_WARN_UNDECLARED_SELECTOR = YES;
				GCC_WARN_UNINITIALIZED_AUTOS = YES_AGGRESSIVE;
				GCC_WARN_UNUSED_FUNCTION = YES;
				GCC_WARN_UNUSED_VARIABLE = YES;
				IPHONEOS_DEPLOYMENT_TARGET = 10.0;
				MTL_ENABLE_DEBUG_INFO = NO;
				SDKROOT = iphoneos;
				SWIFT_OPTIMIZATION_LEVEL = "-Owholemodule";
				VALIDATE_PRODUCT = YES;
			};
			name = Release;
		};
		CD7CD1DB1DDC8F4D007F0628 /* Debug */ = {
			isa = XCBuildConfiguration;
			baseConfigurationReference = 8C1C412F7BD4A31BF2135116 /* Pods-zhnbilibili.debug.xcconfig */;
			buildSettings = {
				ASSETCATALOG_COMPILER_APPICON_NAME = AppIcon;
				CLANG_ENABLE_MODULES = YES;
				DEVELOPMENT_TEAM = 5V5B3UC44Z;
				FRAMEWORK_SEARCH_PATHS = (
					"$(inherited)",
					"$(PROJECT_DIR)",
				);
				INFOPLIST_FILE = zhnbilibili/Info.plist;
				IPHONEOS_DEPLOYMENT_TARGET = 9.0;
				LD_RUNPATH_SEARCH_PATHS = "$(inherited) @executable_path/Frameworks";
				PRODUCT_BUNDLE_IDENTIFIER = zhn.zhnbilibili;
				PRODUCT_NAME = "$(TARGET_NAME)";
				SWIFT_ACTIVE_COMPILATION_CONDITIONS = "-D DEBUG";
				SWIFT_OBJC_BRIDGING_HEADER = "zhnbilibili/lib/zhnbilibili-Bridging-Header.h";
				SWIFT_OPTIMIZATION_LEVEL = "-Onone";
				SWIFT_VERSION = 3.0;
			};
			name = Debug;
		};
		CD7CD1DC1DDC8F4D007F0628 /* Release */ = {
			isa = XCBuildConfiguration;
			baseConfigurationReference = 180EA379108FA87FB30CC58B /* Pods-zhnbilibili.release.xcconfig */;
			buildSettings = {
				ASSETCATALOG_COMPILER_APPICON_NAME = AppIcon;
				CLANG_ENABLE_MODULES = YES;
				DEVELOPMENT_TEAM = 5V5B3UC44Z;
				FRAMEWORK_SEARCH_PATHS = (
					"$(inherited)",
					"$(PROJECT_DIR)",
				);
				INFOPLIST_FILE = zhnbilibili/Info.plist;
				IPHONEOS_DEPLOYMENT_TARGET = 9.0;
				LD_RUNPATH_SEARCH_PATHS = "$(inherited) @executable_path/Frameworks";
				PRODUCT_BUNDLE_IDENTIFIER = zhn.zhnbilibili;
				PRODUCT_NAME = "$(TARGET_NAME)";
				SWIFT_OBJC_BRIDGING_HEADER = "zhnbilibili/lib/zhnbilibili-Bridging-Header.h";
				SWIFT_VERSION = 3.0;
			};
			name = Release;
		};
		CD7CD1DE1DDC8F4D007F0628 /* Debug */ = {
			isa = XCBuildConfiguration;
			buildSettings = {
				ALWAYS_EMBED_SWIFT_STANDARD_LIBRARIES = YES;
				BUNDLE_LOADER = "$(TEST_HOST)";
				INFOPLIST_FILE = zhnbilibiliTests/Info.plist;
				LD_RUNPATH_SEARCH_PATHS = "$(inherited) @executable_path/Frameworks @loader_path/Frameworks";
				PRODUCT_BUNDLE_IDENTIFIER = zhn.zhnbilibiliTests;
				PRODUCT_NAME = "$(TARGET_NAME)";
				SWIFT_VERSION = 3.0;
				TEST_HOST = "$(BUILT_PRODUCTS_DIR)/zhnbilibili.app/zhnbilibili";
			};
			name = Debug;
		};
		CD7CD1DF1DDC8F4D007F0628 /* Release */ = {
			isa = XCBuildConfiguration;
			buildSettings = {
				ALWAYS_EMBED_SWIFT_STANDARD_LIBRARIES = YES;
				BUNDLE_LOADER = "$(TEST_HOST)";
				INFOPLIST_FILE = zhnbilibiliTests/Info.plist;
				LD_RUNPATH_SEARCH_PATHS = "$(inherited) @executable_path/Frameworks @loader_path/Frameworks";
				PRODUCT_BUNDLE_IDENTIFIER = zhn.zhnbilibiliTests;
				PRODUCT_NAME = "$(TARGET_NAME)";
				SWIFT_VERSION = 3.0;
				TEST_HOST = "$(BUILT_PRODUCTS_DIR)/zhnbilibili.app/zhnbilibili";
			};
			name = Release;
		};
		CD7CD1E11DDC8F4D007F0628 /* Debug */ = {
			isa = XCBuildConfiguration;
			buildSettings = {
				ALWAYS_EMBED_SWIFT_STANDARD_LIBRARIES = YES;
				INFOPLIST_FILE = zhnbilibiliUITests/Info.plist;
				LD_RUNPATH_SEARCH_PATHS = "$(inherited) @executable_path/Frameworks @loader_path/Frameworks";
				PRODUCT_BUNDLE_IDENTIFIER = zhn.zhnbilibiliUITests;
				PRODUCT_NAME = "$(TARGET_NAME)";
				SWIFT_VERSION = 3.0;
				TEST_TARGET_NAME = zhnbilibili;
			};
			name = Debug;
		};
		CD7CD1E21DDC8F4D007F0628 /* Release */ = {
			isa = XCBuildConfiguration;
			buildSettings = {
				ALWAYS_EMBED_SWIFT_STANDARD_LIBRARIES = YES;
				INFOPLIST_FILE = zhnbilibiliUITests/Info.plist;
				LD_RUNPATH_SEARCH_PATHS = "$(inherited) @executable_path/Frameworks @loader_path/Frameworks";
				PRODUCT_BUNDLE_IDENTIFIER = zhn.zhnbilibiliUITests;
				PRODUCT_NAME = "$(TARGET_NAME)";
				SWIFT_VERSION = 3.0;
				TEST_TARGET_NAME = zhnbilibili;
			};
			name = Release;
		};
/* End XCBuildConfiguration section */

/* Begin XCConfigurationList section */
		CD7CD1AD1DDC8F4D007F0628 /* Build configuration list for PBXProject "zhnbilibili" */ = {
			isa = XCConfigurationList;
			buildConfigurations = (
				CD7CD1D81DDC8F4D007F0628 /* Debug */,
				CD7CD1D91DDC8F4D007F0628 /* Release */,
			);
			defaultConfigurationIsVisible = 0;
			defaultConfigurationName = Release;
		};
		CD7CD1DA1DDC8F4D007F0628 /* Build configuration list for PBXNativeTarget "zhnbilibili" */ = {
			isa = XCConfigurationList;
			buildConfigurations = (
				CD7CD1DB1DDC8F4D007F0628 /* Debug */,
				CD7CD1DC1DDC8F4D007F0628 /* Release */,
			);
			defaultConfigurationIsVisible = 0;
			defaultConfigurationName = Release;
		};
		CD7CD1DD1DDC8F4D007F0628 /* Build configuration list for PBXNativeTarget "zhnbilibiliTests" */ = {
			isa = XCConfigurationList;
			buildConfigurations = (
				CD7CD1DE1DDC8F4D007F0628 /* Debug */,
				CD7CD1DF1DDC8F4D007F0628 /* Release */,
			);
			defaultConfigurationIsVisible = 0;
			defaultConfigurationName = Release;
		};
		CD7CD1E01DDC8F4D007F0628 /* Build configuration list for PBXNativeTarget "zhnbilibiliUITests" */ = {
			isa = XCConfigurationList;
			buildConfigurations = (
				CD7CD1E11DDC8F4D007F0628 /* Debug */,
				CD7CD1E21DDC8F4D007F0628 /* Release */,
			);
			defaultConfigurationIsVisible = 0;
			defaultConfigurationName = Release;
		};
/* End XCConfigurationList section */
	};
	rootObject = CD7CD1AA1DDC8F4D007F0628 /* Project object */;
}
